{"format_version":"1.0","provider_schemas":{"registry.terraform.io/philips-software/hsdp":{"provider":{"version":0,"block":{"attributes":{"ai_inference_endpoint":{"type":"string","description_kind":"plain","optional":true},"cartel_host":{"type":"string","description":"The Cartel host","description_kind":"plain","optional":true},"cartel_no_tls":{"type":"bool","description":"Disable TLS for Cartel","description_kind":"plain","optional":true},"cartel_secret":{"type":"string","description":"The Cartel secret key","description_kind":"plain","optional":true,"sensitive":true},"cartel_skip_verify":{"type":"bool","description":"Skip certificate verification","description_kind":"plain","optional":true},"cartel_token":{"type":"string","description":"The Cartel token key","description_kind":"plain","optional":true,"sensitive":true},"debug_log":{"type":"string","description":"The log file to write debugging output to","description_kind":"plain","optional":true},"environment":{"type":"string","description":"The HSDP environment to configure for","description_kind":"plain","optional":true},"iam_url":{"type":"string","description":"The HSDP IAM instance URL","description_kind":"plain","optional":true},"idm_url":{"type":"string","description":"The HSDP IDM instance URL","description_kind":"plain","optional":true},"mdm_url":{"type":"string","description":"The Connect MDM URL to use","description_kind":"plain","optional":true},"notification_url":{"type":"string","description":"The HSDP Notification service base URL to use","description_kind":"plain","optional":true},"oauth2_client_id":{"type":"string","description":"The OAuth2 client id","description_kind":"plain","optional":true},"oauth2_password":{"type":"string","description":"The OAuth2 password","description_kind":"plain","optional":true,"sensitive":true},"org_admin_password":{"type":"string","description":"The password of the Organization Admin","description_kind":"plain","optional":true,"sensitive":true},"org_admin_username":{"type":"string","description":"The username of the Organization Admin","description_kind":"plain","optional":true},"region":{"type":"string","description":"The HSDP region to configure for","description_kind":"plain","optional":true},"retry_max":{"type":"number","description":"Maximum number of retries for API requests","description_kind":"plain","optional":true},"s3creds_url":{"type":"string","description":"The HSDP S3 Credentials instance URL","description_kind":"plain","optional":true},"secret_key":{"type":"string","description":"The secret key","description_kind":"plain","optional":true,"sensitive":true},"service_id":{"type":"string","description":"The service ID to use as Organization Admin","description_kind":"plain","optional":true},"service_private_key":{"type":"string","description":"The private key of the service ID","description_kind":"plain","optional":true,"sensitive":true},"shared_key":{"type":"string","description":"The shared key","description_kind":"plain","optional":true},"uaa_password":{"type":"string","description":"The password of the Cloudfoundry account to use","description_kind":"plain","optional":true,"sensitive":true},"uaa_url":{"type":"string","description":"The URL of the UAA server","description_kind":"plain","optional":true},"uaa_username":{"type":"string","description":"The username of the Cloudfoundry account to use","description_kind":"plain","optional":true}},"description_kind":"plain"}},"resource_schemas":{"hsdp_ai_inference_compute_environment":{"version":0,"block":{"attributes":{"created":{"type":"string","description_kind":"plain","computed":true},"created_by":{"type":"string","description_kind":"plain","computed":true},"description":{"type":"string","description_kind":"plain","optional":true},"endpoint":{"type":"string","description_kind":"plain","required":true},"id":{"type":"string","description_kind":"plain","optional":true,"computed":true},"image":{"type":"string","description_kind":"plain","required":true},"is_factory":{"type":"bool","description_kind":"plain","computed":true},"name":{"type":"string","description_kind":"plain","required":true},"reference":{"type":"string","description_kind":"plain","computed":true}},"description_kind":"plain"}},"hsdp_ai_inference_compute_target":{"version":0,"block":{"attributes":{"created":{"type":"string","description_kind":"plain","computed":true},"created_by":{"type":"string","description_kind":"plain","computed":true},"description":{"type":"string","description_kind":"plain","optional":true},"endpoint":{"type":"string","description_kind":"plain","required":true},"id":{"type":"string","description_kind":"plain","optional":true,"computed":true},"instance_type":{"type":"string","description_kind":"plain","required":true},"is_factory":{"type":"bool","description_kind":"plain","computed":true},"name":{"type":"string","description_kind":"plain","required":true},"reference":{"type":"string","description_kind":"plain","computed":true},"storage":{"type":"number","description_kind":"plain","required":true}},"description_kind":"plain"}},"hsdp_ai_inference_job":{"version":0,"block":{"attributes":{"command_args":{"type":["list","string"],"description_kind":"plain","optional":true},"completed":{"type":"string","description_kind":"plain","computed":true},"created":{"type":"string","description_kind":"plain","computed":true},"created_by":{"type":"string","description_kind":"plain","computed":true},"description":{"type":"string","description_kind":"plain","optional":true},"duration":{"type":"number","description_kind":"plain","computed":true},"endpoint":{"type":"string","description_kind":"plain","required":true},"environment":{"type":["map","string"],"description_kind":"plain","optional":true},"id":{"type":"string","description_kind":"plain","optional":true,"computed":true},"labels":{"type":["list","string"],"description_kind":"plain","optional":true},"name":{"type":"string","description_kind":"plain","required":true},"reference":{"type":"string","description_kind":"plain","computed":true},"status":{"type":"string","description_kind":"plain","computed":true},"status_message":{"type":"string","description_kind":"plain","computed":true},"timeout":{"type":"number","description_kind":"plain","optional":true}},"block_types":{"compute_target":{"nesting_mode":"set","block":{"attributes":{"identifier":{"type":"string","description_kind":"plain","optional":true},"reference":{"type":"string","description_kind":"plain","optional":true}},"description_kind":"plain"},"max_items":1},"input":{"nesting_mode":"set","block":{"attributes":{"name":{"type":"string","description_kind":"plain","optional":true},"url":{"type":"string","description_kind":"plain","required":true}},"description_kind":"plain"},"max_items":100},"model":{"nesting_mode":"set","block":{"attributes":{"identifier":{"type":"string","description_kind":"plain","optional":true},"reference":{"type":"string","description_kind":"plain","optional":true}},"description_kind":"plain"},"max_items":1},"output":{"nesting_mode":"set","block":{"attributes":{"name":{"type":"string","description_kind":"plain","optional":true},"url":{"type":"string","description_kind":"plain","required":true}},"description_kind":"plain"},"max_items":100}},"description_kind":"plain"}},"hsdp_ai_inference_model":{"version":0,"block":{"attributes":{"additional_configuration":{"type":"string","description_kind":"plain","optional":true},"artifact_path":{"type":"string","description_kind":"plain","optional":true},"created":{"type":"string","description_kind":"plain","computed":true},"created_by":{"type":"string","description_kind":"plain","computed":true},"description":{"type":"string","description_kind":"plain","optional":true},"endpoint":{"type":"string","description_kind":"plain","required":true},"entry_commands":{"type":["list","string"],"description_kind":"plain","optional":true},"environment":{"type":["map","string"],"description_kind":"plain","optional":true},"id":{"type":"string","description_kind":"plain","optional":true,"computed":true},"labels":{"type":["list","string"],"description_kind":"plain","optional":true},"name":{"type":"string","description_kind":"plain","required":true},"reference":{"type":"string","description_kind":"plain","computed":true},"version":{"type":"string","description_kind":"plain","required":true}},"block_types":{"compute_environment":{"nesting_mode":"set","block":{"attributes":{"identifier":{"type":"string","description_kind":"plain","optional":true},"reference":{"type":"string","description_kind":"plain","optional":true}},"description_kind":"plain"},"max_items":1},"source_code":{"nesting_mode":"set","block":{"attributes":{"branch":{"type":"string","description_kind":"plain","optional":true},"commit_id":{"type":"string","description_kind":"plain","optional":true},"ssh_key":{"type":"string","description_kind":"plain","optional":true},"url":{"type":"string","description_kind":"plain","required":true}},"description_kind":"plain"},"max_items":1}},"description_kind":"plain"}},"hsdp_ai_workspace":{"version":0,"block":{"attributes":{"additional_configuration":{"type":"string","description_kind":"plain","optional":true},"created":{"type":"string","description_kind":"plain","computed":true},"created_by":{"type":"string","description_kind":"plain","computed":true},"description":{"type":"string","description_kind":"plain","optional":true},"duration":{"type":"number","description_kind":"plain","computed":true},"endpoint":{"type":"string","description_kind":"plain","required":true},"id":{"type":"string","description_kind":"plain","optional":true,"computed":true},"labels":{"type":["list","string"],"description_kind":"plain","optional":true},"name":{"type":"string","description_kind":"plain","required":true},"reference":{"type":"string","description_kind":"plain","computed":true},"status":{"type":"string","description_kind":"plain","computed":true},"status_message":{"type":"string","description_kind":"plain","computed":true}},"block_types":{"compute_target":{"nesting_mode":"set","block":{"attributes":{"identifier":{"type":"string","description_kind":"plain","optional":true},"reference":{"type":"string","description_kind":"plain","optional":true}},"description_kind":"plain"},"max_items":1},"source_code":{"nesting_mode":"set","block":{"attributes":{"branch":{"type":"string","description_kind":"plain","optional":true},"commit_id":{"type":"string","description_kind":"plain","optional":true},"ssh_key":{"type":"string","description_kind":"plain","optional":true},"url":{"type":"string","description_kind":"plain","required":true}},"description_kind":"plain"},"max_items":1}},"description_kind":"plain"}},"hsdp_ai_workspace_compute_target":{"version":0,"block":{"attributes":{"created":{"type":"string","description_kind":"plain","computed":true},"created_by":{"type":"string","description_kind":"plain","computed":true},"description":{"type":"string","description_kind":"plain","optional":true},"endpoint":{"type":"string","description_kind":"plain","required":true},"id":{"type":"string","description_kind":"plain","optional":true,"computed":true},"instance_type":{"type":"string","description_kind":"plain","required":true},"is_factory":{"type":"bool","description_kind":"plain","computed":true},"name":{"type":"string","description_kind":"plain","required":true},"reference":{"type":"string","description_kind":"plain","computed":true},"storage":{"type":"number","description_kind":"plain","required":true}},"description_kind":"plain"}},"hsdp_cdl_data_type_definition":{"version":0,"block":{"attributes":{"cdl_endpoint":{"type":"string","description_kind":"plain","required":true},"description":{"type":"string","description_kind":"plain","optional":true},"id":{"type":"string","description_kind":"plain","optional":true,"computed":true},"json_schema":{"type":"string","description_kind":"plain","optional":true},"name":{"type":"string","description_kind":"plain","required":true}},"description_kind":"plain"}},"hsdp_cdl_export_route":{"version":0,"block":{"attributes":{"auto_export":{"type":"bool","description_kind":"plain","optional":true},"cdl_endpoint":{"type":"string","description_kind":"plain","required":true},"created_by":{"type":"string","description_kind":"plain","computed":true},"created_on":{"type":"string","description_kind":"plain","computed":true},"description":{"type":"string","description_kind":"plain","optional":true},"destination_research_study_endpoint":{"type":"string","description_kind":"plain","required":true},"display_name":{"type":"string","description_kind":"plain","required":true},"export_route_name":{"type":"string","description_kind":"plain","required":true},"id":{"type":"string","description_kind":"plain","optional":true,"computed":true},"updated_by":{"type":"string","description_kind":"plain","computed":true},"updated_on":{"type":"string","description_kind":"plain","computed":true}},"block_types":{"service_account_details":{"nesting_mode":"set","block":{"attributes":{"access_token_endpoint":{"type":"string","description_kind":"plain","required":true},"private_key":{"type":"string","description_kind":"plain","required":true},"service_id":{"type":"string","description_kind":"plain","required":true},"token_endpoint":{"type":"string","description_kind":"plain","required":true}},"description_kind":"plain"},"min_items":1},"source_research_study":{"nesting_mode":"set","block":{"attributes":{"source_research_study_endpoint":{"type":"string","description_kind":"plain","required":true}},"block_types":{"allowed_data_objects":{"nesting_mode":"list","block":{"attributes":{"resource_type":{"type":"string","description_kind":"plain","required":true}},"block_types":{"associated_labels":{"nesting_mode":"list","block":{"attributes":{"approval_required":{"type":"bool","description_kind":"plain","required":true},"label_name":{"type":"string","description_kind":"plain","required":true}},"description_kind":"plain"}}},"description_kind":"plain"}}},"description_kind":"plain"},"min_items":1}},"description_kind":"plain"}},"hsdp_cdl_label_definition":{"version":0,"block":{"attributes":{"cdl_endpoint":{"type":"string","description_kind":"plain","required":true},"created_by":{"type":"string","description_kind":"plain","computed":true},"created_on":{"type":"string","description_kind":"plain","computed":true},"description":{"type":"string","description_kind":"plain","optional":true},"id":{"type":"string","description_kind":"plain","optional":true,"computed":true},"label_def_name":{"type":"string","description_kind":"plain","required":true},"label_name":{"type":"string","description_kind":"plain","required":true},"label_scope":{"type":"string","description_kind":"plain","required":true},"labels":{"type":["set","string"],"description_kind":"plain","required":true},"study_id":{"type":"string","description_kind":"plain","required":true},"type":{"type":"string","description_kind":"plain","required":true}},"description_kind":"plain"}},"hsdp_cdl_research_study":{"version":0,"block":{"attributes":{"cdl_endpoint":{"type":"string","description_kind":"plain","required":true},"data_protected_from_deletion":{"type":"bool","description_kind":"plain","optional":true},"description":{"type":"string","description_kind":"plain","optional":true},"ends_at":{"type":"string","description_kind":"plain","optional":true},"id":{"type":"string","description_kind":"plain","optional":true,"computed":true},"study_owner":{"type":"string","description_kind":"plain","required":true},"title":{"type":"string","description_kind":"plain","required":true}},"block_types":{"data_scientist":{"nesting_mode":"set","block":{"attributes":{"email":{"type":"string","description_kind":"plain","required":true},"institute_id":{"type":"string","description_kind":"plain","optional":true},"user_id":{"type":"string","description_kind":"plain","required":true}},"description_kind":"plain"}},"monitor":{"nesting_mode":"set","block":{"attributes":{"email":{"type":"string","description_kind":"plain","required":true},"institute_id":{"type":"string","description_kind":"plain","optional":true},"user_id":{"type":"string","description_kind":"plain","required":true}},"description_kind":"plain"}},"study_manager":{"nesting_mode":"set","block":{"attributes":{"email":{"type":"string","description_kind":"plain","required":true},"institute_id":{"type":"string","description_kind":"plain","optional":true},"user_id":{"type":"string","description_kind":"plain","required":true}},"description_kind":"plain"}},"uploader":{"nesting_mode":"set","block":{"attributes":{"email":{"type":"string","description_kind":"plain","required":true},"institute_id":{"type":"string","description_kind":"plain","optional":true},"user_id":{"type":"string","description_kind":"plain","required":true}},"description_kind":"plain"}}},"description_kind":"plain"}},"hsdp_cdr_org":{"version":1,"block":{"attributes":{"fhir_store":{"type":"string","description_kind":"plain","required":true},"id":{"type":"string","description_kind":"plain","optional":true,"computed":true},"name":{"type":"string","description_kind":"plain","required":true},"org_id":{"type":"string","description_kind":"plain","required":true},"part_of":{"type":"string","description_kind":"plain","optional":true},"purge_delete":{"type":"bool","description_kind":"plain","optional":true},"version":{"type":"string","description_kind":"plain","optional":true}},"description_kind":"plain"}},"hsdp_cdr_practitioner":{"version":0,"block":{"attributes":{"fhir_store":{"type":"string","description_kind":"plain","required":true},"id":{"type":"string","description_kind":"plain","optional":true,"computed":true},"last_updated":{"type":"string","description_kind":"plain","computed":true},"soft_delete":{"type":"bool","description_kind":"plain","optional":true},"version":{"type":"string","description_kind":"plain","optional":true},"version_id":{"type":"string","description_kind":"plain","computed":true}},"block_types":{"identifier":{"nesting_mode":"set","block":{"attributes":{"system":{"type":"string","description_kind":"plain","required":true},"use":{"type":"string","description_kind":"plain","optional":true},"value":{"type":"string","description_kind":"plain","required":true}},"description_kind":"plain"},"min_items":1},"name":{"nesting_mode":"set","block":{"attributes":{"family":{"type":"string","description_kind":"plain","required":true},"given":{"type":["set","string"],"description_kind":"plain","required":true},"text":{"type":"string","description_kind":"plain","required":true}},"description_kind":"plain"},"min_items":1}},"description_kind":"plain"}},"hsdp_cdr_subscription":{"version":1,"block":{"attributes":{"criteria":{"type":"string","description_kind":"plain","required":true},"delete_endpoint":{"type":"string","description_kind":"plain","optional":true},"end":{"type":"string","description_kind":"plain","required":true},"endpoint":{"type":"string","description_kind":"plain","optional":true},"fhir_store":{"type":"string","description_kind":"plain","required":true},"headers":{"type":["set","string"],"description_kind":"plain","optional":true},"id":{"type":"string","description_kind":"plain","optional":true,"computed":true},"reason":{"type":"string","description_kind":"plain","required":true},"status":{"type":"string","description_kind":"plain","computed":true},"version":{"type":"string","description_kind":"plain","optional":true}},"description_kind":"plain"}},"hsdp_connect_mdm_application":{"version":1,"block":{"attributes":{"application_guid_system":{"type":"string","description_kind":"plain","computed":true},"application_guid_value":{"type":"string","description_kind":"plain","computed":true},"default_group_guid":{"type":"string","description_kind":"plain","optional":true},"description":{"type":"string","description_kind":"plain","optional":true},"global_reference_id":{"type":"string","description_kind":"plain","optional":true},"guid":{"type":"string","description_kind":"plain","computed":true},"id":{"type":"string","description_kind":"plain","optional":true,"computed":true},"name":{"type":"string","description_kind":"plain","required":true},"proposition_id":{"type":"string","description_kind":"plain","required":true}},"description_kind":"plain"}},"hsdp_connect_mdm_authentication_method":{"version":0,"block":{"attributes":{"api_version":{"type":"string","description_kind":"plain","optional":true},"auth_method":{"type":"string","description_kind":"plain","optional":true},"auth_url":{"type":"string","description_kind":"plain","optional":true},"client_id":{"type":"string","description_kind":"plain","required":true},"client_secret":{"type":"string","description_kind":"plain","required":true,"sensitive":true},"description":{"type":"string","description_kind":"plain","optional":true},"guid":{"type":"string","description_kind":"plain","computed":true},"id":{"type":"string","description_kind":"plain","optional":true,"computed":true},"login_name":{"type":"string","description_kind":"plain","required":true},"name":{"type":"string","description_kind":"plain","required":true},"organization_id":{"type":"string","description_kind":"plain","optional":true},"password":{"type":"string","description_kind":"plain","required":true,"sensitive":true},"version_id":{"type":"string","description_kind":"plain","computed":true}},"description_kind":"plain"}},"hsdp_connect_mdm_blob_data_contract":{"version":0,"block":{"attributes":{"bucket_id":{"type":"string","description_kind":"plain","required":true},"cross_region_replication_enabled":{"type":"bool","description_kind":"plain","optional":true},"data_type_id":{"type":"string","description_kind":"plain","required":true},"guid":{"type":"string","description_kind":"plain","computed":true},"id":{"type":"string","description_kind":"plain","optional":true,"computed":true},"logging_enabled":{"type":"bool","description_kind":"plain","optional":true},"name":{"type":"string","description_kind":"plain","required":true},"root_path_in_bucket":{"type":"string","description_kind":"plain","required":true},"storage_class_id":{"type":"string","description_kind":"plain","required":true},"version_id":{"type":"string","description_kind":"plain","computed":true}},"description_kind":"plain"}},"hsdp_connect_mdm_blob_subscription":{"version":0,"block":{"attributes":{"data_type_id":{"type":"string","description_kind":"plain","required":true},"description":{"type":"string","description_kind":"plain","optional":true},"guid":{"type":"string","description_kind":"plain","computed":true},"id":{"type":"string","description_kind":"plain","optional":true,"computed":true},"name":{"type":"string","description_kind":"plain","required":true},"notification_topic_id":{"type":"string","description_kind":"plain","required":true},"version_id":{"type":"string","description_kind":"plain","computed":true}},"description_kind":"plain"}},"hsdp_connect_mdm_bucket":{"version":0,"block":{"attributes":{"auditing_enabled":{"type":"bool","description_kind":"plain","optional":true},"cache_control_age":{"type":"number","description_kind":"plain","optional":true},"default_region_id":{"type":"string","description_kind":"plain","required":true},"description":{"type":"string","description_kind":"plain","optional":true},"enabled_cdn":{"type":"bool","description_kind":"plain","optional":true},"guid":{"type":"string","description_kind":"plain","computed":true},"id":{"type":"string","description_kind":"plain","optional":true,"computed":true},"logging_enabled":{"type":"bool","description_kind":"plain","optional":true},"name":{"type":"string","description_kind":"plain","required":true},"proposition_id":{"type":"string","description_kind":"plain","required":true},"replication_region_id":{"type":"string","description_kind":"plain","optional":true},"version_id":{"type":"string","description_kind":"plain","computed":true},"versioning_enabled":{"type":"bool","description_kind":"plain","optional":true}},"block_types":{"cors_configuration":{"nesting_mode":"set","block":{"attributes":{"allowed_headers":{"type":["set","string"],"description_kind":"plain","optional":true},"allowed_methods":{"type":["set","string"],"description_kind":"plain","required":true},"allowed_origins":{"type":["set","string"],"description_kind":"plain","required":true},"expose_headers":{"type":["set","string"],"description_kind":"plain","optional":true},"max_age_seconds":{"type":"number","description_kind":"plain","optional":true}},"description_kind":"plain"},"max_items":10}},"description_kind":"plain"}},"hsdp_connect_mdm_data_type":{"version":0,"block":{"attributes":{"description":{"type":"string","description_kind":"plain","optional":true},"guid":{"type":"string","description_kind":"plain","computed":true},"id":{"type":"string","description_kind":"plain","optional":true,"computed":true},"name":{"type":"string","description_kind":"plain","required":true},"proposition_id":{"type":"string","description_kind":"plain","required":true},"tags":{"type":["set","string"],"description_kind":"plain","optional":true},"version_id":{"type":"string","description_kind":"plain","computed":true}},"description_kind":"plain"}},"hsdp_connect_mdm_device_group":{"version":0,"block":{"attributes":{"application_id":{"type":"string","description_kind":"plain","required":true},"default_iam_group_id":{"type":"string","description_kind":"plain","optional":true},"description":{"type":"string","description_kind":"plain","optional":true},"guid":{"type":"string","description_kind":"plain","computed":true},"id":{"type":"string","description_kind":"plain","optional":true,"computed":true},"name":{"type":"string","description_kind":"plain","required":true},"version_id":{"type":"string","description_kind":"plain","computed":true}},"description_kind":"plain"}},"hsdp_connect_mdm_device_type":{"version":0,"block":{"attributes":{"commercial_type_number":{"type":"string","description_kind":"plain","required":true},"custom_type_attributes":{"type":["map","string"],"description_kind":"plain","optional":true},"default_iam_group_id":{"type":"string","description_kind":"plain","optional":true},"description":{"type":"string","description_kind":"plain","optional":true},"device_group_id":{"type":"string","description_kind":"plain","required":true},"guid":{"type":"string","description_kind":"plain","computed":true},"id":{"type":"string","description_kind":"plain","optional":true,"computed":true},"name":{"type":"string","description_kind":"plain","required":true},"version_id":{"type":"string","description_kind":"plain","computed":true}},"description_kind":"plain"}},"hsdp_connect_mdm_firmware_component":{"version":0,"block":{"attributes":{"description":{"type":"string","description_kind":"plain","optional":true},"device_type_id":{"type":"string","description_kind":"plain","required":true},"guid":{"type":"string","description_kind":"plain","computed":true},"id":{"type":"string","description_kind":"plain","optional":true,"computed":true},"main_component":{"type":"bool","description_kind":"plain","optional":true},"name":{"type":"string","description_kind":"plain","required":true},"version_id":{"type":"string","description_kind":"plain","computed":true}},"description_kind":"plain"}},"hsdp_connect_mdm_firmware_component_version":{"version":0,"block":{"attributes":{"blob_url":{"type":"string","description_kind":"plain","optional":true},"component_required":{"type":"bool","description_kind":"plain","required":true},"custom_resource":{"type":"string","description_kind":"plain","optional":true},"deprecated_date":{"type":"string","description_kind":"plain","optional":true},"description":{"type":"string","description_kind":"plain","optional":true},"effective_date":{"type":"string","description_kind":"plain","required":true},"firmware_component_id":{"type":"string","description_kind":"plain","required":true},"guid":{"type":"string","description_kind":"plain","computed":true},"id":{"type":"string","description_kind":"plain","optional":true,"computed":true},"size":{"type":"number","description_kind":"plain","optional":true},"version":{"type":"string","description_kind":"plain","required":true},"version_id":{"type":"string","description_kind":"plain","computed":true}},"block_types":{"encryption_info":{"nesting_mode":"set","block":{"attributes":{"algorithm":{"type":"string","description_kind":"plain","optional":true},"decryption_key":{"type":"string","description_kind":"plain","optional":true},"encrypted":{"type":"bool","description_kind":"plain","required":true}},"description_kind":"plain"},"max_items":1},"fingerprint":{"nesting_mode":"set","block":{"attributes":{"algorithm":{"type":"string","description_kind":"plain","required":true},"hash":{"type":"string","description_kind":"plain","required":true}},"description_kind":"plain"},"max_items":1}},"description_kind":"plain"}},"hsdp_connect_mdm_firmware_distribution_request":{"version":0,"block":{"attributes":{"description":{"type":"string","description_kind":"plain","optional":true},"distribution_target_device_groups_ids":{"type":["set","string"],"description_kind":"plain","optional":true},"firmware_component_version_ids":{"type":["set","string"],"description_kind":"plain","optional":true},"firmware_version":{"type":"string","description_kind":"plain","required":true},"guid":{"type":"string","description_kind":"plain","computed":true},"id":{"type":"string","description_kind":"plain","optional":true,"computed":true},"orchestration_mode":{"type":"string","description_kind":"plain","required":true},"status":{"type":"string","description_kind":"plain","required":true},"user_consent_required":{"type":"bool","description_kind":"plain","optional":true},"version_id":{"type":"string","description_kind":"plain","computed":true}},"description_kind":"plain","deprecated":true}},"hsdp_connect_mdm_oauth_client":{"version":1,"block":{"attributes":{"application_id":{"type":"string","description_kind":"plain","required":true},"bootstrap_client_default_scopes":{"type":["set","string"],"description_kind":"plain","optional":true},"bootstrap_client_guid":{"type":"string","description_kind":"plain","deprecated":true,"computed":true},"bootstrap_client_guid_system":{"type":"string","description_kind":"plain","computed":true},"bootstrap_client_guid_value":{"type":"string","description_kind":"plain","computed":true},"bootstrap_client_iam_default_scopes":{"type":["set","string"],"description_kind":"plain","optional":true},"bootstrap_client_iam_scopes":{"type":["set","string"],"description_kind":"plain","optional":true},"bootstrap_client_id":{"type":"string","description_kind":"plain","computed":true},"bootstrap_client_scopes":{"type":["set","string"],"description_kind":"plain","optional":true},"bootstrap_client_secret":{"type":"string","description_kind":"plain","computed":true,"sensitive":true},"client_guid":{"type":"string","description_kind":"plain","deprecated":true,"computed":true},"client_guid_system":{"type":"string","description_kind":"plain","computed":true},"client_guid_value":{"type":"string","description_kind":"plain","computed":true},"client_id":{"type":"string","description_kind":"plain","computed":true},"client_revoked":{"type":"bool","description_kind":"plain","optional":true},"client_secret":{"type":"string","description_kind":"plain","computed":true,"sensitive":true},"default_scopes":{"type":["set","string"],"description_kind":"plain","required":true},"description":{"type":"string","description_kind":"plain","optional":true},"global_reference_id":{"type":"string","description_kind":"plain","required":true},"guid":{"type":"string","description_kind":"plain","computed":true},"iam_default_scopes":{"type":["set","string"],"description_kind":"plain","optional":true},"iam_scopes":{"type":["set","string"],"description_kind":"plain","optional":true},"id":{"type":"string","description_kind":"plain","optional":true,"computed":true},"name":{"type":"string","description_kind":"plain","required":true},"redirection_uris":{"type":["set","string"],"description_kind":"plain","required":true},"response_types":{"type":["set","string"],"description_kind":"plain","required":true},"scopes":{"type":["set","string"],"description_kind":"plain","required":true},"user_client":{"type":"bool","description_kind":"plain","optional":true},"version_id":{"type":"string","description_kind":"plain","computed":true}},"description_kind":"plain"}},"hsdp_connect_mdm_proposition":{"version":0,"block":{"attributes":{"description":{"type":"string","description_kind":"plain","required":true},"global_reference_id":{"type":"string","description_kind":"plain","optional":true},"guid":{"type":"string","description_kind":"plain","computed":true},"id":{"type":"string","description_kind":"plain","optional":true,"computed":true},"name":{"type":"string","description_kind":"plain","required":true},"organization_id":{"type":"string","description_kind":"plain","required":true},"status":{"type":"string","description_kind":"plain","required":true}},"description_kind":"plain"}},"hsdp_connect_mdm_service_action":{"version":3,"block":{"attributes":{"description":{"type":"string","description_kind":"plain","optional":true},"guid":{"type":"string","description_kind":"plain","computed":true},"id":{"type":"string","description_kind":"plain","optional":true,"computed":true},"name":{"type":"string","description_kind":"plain","required":true},"organization_identifier":{"type":"string","description_kind":"plain","optional":true},"standard_service_id":{"type":"string","description_kind":"plain","required":true},"version_id":{"type":"string","description_kind":"plain","computed":true}},"description_kind":"plain"}},"hsdp_connect_mdm_service_reference":{"version":0,"block":{"attributes":{"application_id":{"type":"string","description_kind":"plain","required":true},"bootstrap_enabled":{"type":"bool","description_kind":"plain","optional":true},"description":{"type":"string","description_kind":"plain","optional":true},"guid":{"type":"string","description_kind":"plain","computed":true},"id":{"type":"string","description_kind":"plain","optional":true,"computed":true},"matching_rule":{"type":"string","description_kind":"plain","optional":true},"name":{"type":"string","description_kind":"plain","required":true},"service_action_ids":{"type":["set","string"],"description_kind":"plain","required":true},"standard_service_id":{"type":"string","description_kind":"plain","required":true},"version_id":{"type":"string","description_kind":"plain","computed":true}},"description_kind":"plain"}},"hsdp_connect_mdm_standard_service":{"version":0,"block":{"attributes":{"description":{"type":"string","description_kind":"plain","optional":true},"guid":{"type":"string","description_kind":"plain","computed":true},"id":{"type":"string","description_kind":"plain","optional":true,"computed":true},"name":{"type":"string","description_kind":"plain","required":true},"organization_identifier":{"type":"string","description_kind":"plain","optional":true},"tags":{"type":["set","string"],"description_kind":"plain","required":true},"trusted":{"type":"bool","description_kind":"plain","optional":true},"version_id":{"type":"string","description_kind":"plain","computed":true}},"block_types":{"service_url":{"nesting_mode":"set","block":{"attributes":{"authentication_method_id":{"type":"string","description_kind":"plain","optional":true},"sort_order":{"type":"number","description_kind":"plain","required":true},"url":{"type":"string","description_kind":"plain","required":true}},"description_kind":"plain"},"min_items":1,"max_items":5}},"description_kind":"plain"}},"hsdp_container_host":{"version":5,"block":{"attributes":{"agent":{"type":"bool","description_kind":"plain","optional":true},"bastion_host":{"type":"string","description_kind":"plain","optional":true},"block_devices":{"type":["set","string"],"description_kind":"plain","computed":true},"commands":{"type":["list","string"],"description_kind":"plain","optional":true},"commands_after_file_changes":{"type":"bool","description_kind":"plain","optional":true},"encrypt_volumes":{"type":"bool","description_kind":"plain","optional":true},"id":{"type":"string","description_kind":"plain","optional":true,"computed":true},"image":{"type":"string","description_kind":"plain","optional":true},"instance_role":{"type":"string","description_kind":"plain","optional":true},"instance_type":{"type":"string","description_kind":"plain","optional":true},"iops":{"type":"number","description_kind":"plain","optional":true},"keep_failed_instances":{"type":"bool","description_kind":"plain","optional":true},"launch_time":{"type":"string","description_kind":"plain","computed":true},"name":{"type":"string","description_kind":"plain","required":true},"private_ip":{"type":"string","description_kind":"plain","computed":true},"private_key":{"type":"string","description_kind":"plain","optional":true,"sensitive":true},"protect":{"type":"bool","description_kind":"plain","optional":true},"public_ip":{"type":"string","description_kind":"plain","computed":true},"result":{"type":"string","description_kind":"plain","computed":true},"role":{"type":"string","description_kind":"plain","computed":true},"security_groups":{"type":["set","string"],"description_kind":"plain","optional":true},"subnet":{"type":"string","description_kind":"plain","optional":true,"computed":true},"subnet_type":{"type":"string","description_kind":"plain","optional":true,"computed":true},"tags":{"type":["map","string"],"description_kind":"plain","optional":true},"user":{"type":"string","description_kind":"plain","optional":true},"user_groups":{"type":["set","string"],"description_kind":"plain","optional":true},"volume_size":{"type":"number","description_kind":"plain","optional":true},"volume_type":{"type":"string","description_kind":"plain","optional":true},"volumes":{"type":"number","description_kind":"plain","optional":true},"vpc":{"type":"string","description_kind":"plain","computed":true},"zone":{"type":"string","description_kind":"plain","computed":true}},"block_types":{"file":{"nesting_mode":"set","block":{"attributes":{"content":{"type":"string","description_kind":"plain","optional":true},"destination":{"type":"string","description_kind":"plain","required":true},"group":{"type":"string","description_kind":"plain","optional":true},"owner":{"type":"string","description_kind":"plain","optional":true},"permissions":{"type":"string","description_kind":"plain","optional":true},"source":{"type":"string","description_kind":"plain","optional":true}},"description_kind":"plain"}},"timeouts":{"nesting_mode":"single","block":{"attributes":{"create":{"type":"string","description_kind":"plain","optional":true},"delete":{"type":"string","description_kind":"plain","optional":true},"update":{"type":"string","description_kind":"plain","optional":true}},"description_kind":"plain"}}},"description_kind":"plain"}},"hsdp_container_host_exec":{"version":2,"block":{"attributes":{"agent":{"type":"bool","description_kind":"plain","optional":true},"bastion_host":{"type":"string","description_kind":"plain","optional":true},"commands":{"type":["list","string"],"description_kind":"plain","optional":true},"host":{"type":"string","description_kind":"plain","required":true},"id":{"type":"string","description_kind":"plain","optional":true,"computed":true},"private_key":{"type":"string","description_kind":"plain","optional":true,"sensitive":true},"result":{"type":"string","description_kind":"plain","computed":true},"triggers":{"type":["map","string"],"description":"A map of arbitrary strings that, when changed, will force the 'hsdp_container_host_exec' resource to be replaced, re-running any associated commands.","description_kind":"plain","optional":true},"user":{"type":"string","description_kind":"plain","required":true}},"block_types":{"file":{"nesting_mode":"set","block":{"attributes":{"content":{"type":"string","description_kind":"plain","optional":true},"destination":{"type":"string","description_kind":"plain","required":true},"group":{"type":"string","description_kind":"plain","optional":true},"owner":{"type":"string","description_kind":"plain","optional":true},"permissions":{"type":"string","description_kind":"plain","optional":true},"source":{"type":"string","description_kind":"plain","optional":true}},"description_kind":"plain"}}},"description":"The `hsdp_container_host_exec` resource implements the standard resource lifecycle but takes no further action.\nThe `triggers` argument allows specifying an arbitrary set of values that, when changed, will cause the resource to be replaced.","description_kind":"plain"}},"hsdp_dicom_gateway_config":{"version":1,"block":{"attributes":{"config_url":{"type":"string","description_kind":"plain","required":true},"id":{"type":"string","description_kind":"plain","optional":true,"computed":true},"organization_id":{"type":"string","description_kind":"plain","required":true},"query_retrieve_service_id":{"type":"string","description_kind":"plain","computed":true},"store_service_id":{"type":"string","description_kind":"plain","computed":true}},"block_types":{"query_retrieve_service":{"nesting_mode":"set","block":{"attributes":{"artim_timeout":{"type":"number","description_kind":"plain","optional":true},"association_idle_timeout":{"type":"number","description_kind":"plain","optional":true},"certificate_id":{"type":"string","description_kind":"plain","optional":true},"description":{"type":"string","description_kind":"plain","optional":true},"is_secure":{"type":"bool","description_kind":"plain","required":true},"pdu_length":{"type":"number","description_kind":"plain","optional":true},"port":{"type":"number","description_kind":"plain","optional":true},"title":{"type":"string","description_kind":"plain","required":true}},"block_types":{"application_entity":{"nesting_mode":"set","block":{"attributes":{"ae_title":{"type":"string","description_kind":"plain","required":true},"allow_any":{"type":"bool","description_kind":"plain","required":true},"organization_id":{"type":"string","description_kind":"plain","required":true}},"description_kind":"plain"},"max_items":100}},"description_kind":"plain"},"max_items":1},"store_service":{"nesting_mode":"set","block":{"attributes":{"artim_timeout":{"type":"number","description_kind":"plain","optional":true},"association_idle_timeout":{"type":"number","description_kind":"plain","optional":true},"certificate_id":{"type":"string","description_kind":"plain","optional":true},"description":{"type":"string","description_kind":"plain","optional":true},"is_secure":{"type":"bool","description_kind":"plain","required":true},"pdu_length":{"type":"number","description_kind":"plain","optional":true},"port":{"type":"number","description_kind":"plain","optional":true},"title":{"type":"string","description_kind":"plain","required":true}},"block_types":{"application_entity":{"nesting_mode":"set","block":{"attributes":{"ae_title":{"type":"string","description_kind":"plain","required":true},"allow_any":{"type":"bool","description_kind":"plain","required":true},"organization_id":{"type":"string","description_kind":"plain","required":true}},"description_kind":"plain"},"max_items":100}},"description_kind":"plain"},"max_items":1}},"description_kind":"plain"}},"hsdp_dicom_notification":{"version":0,"block":{"attributes":{"config_url":{"type":"string","description_kind":"plain","required":true},"default_organization_id":{"type":"string","description_kind":"plain","optional":true},"enabled":{"type":"bool","description_kind":"plain","optional":true},"endpoint_url":{"type":"string","description_kind":"plain","required":true},"id":{"type":"string","description_kind":"plain","optional":true,"computed":true},"organization_id":{"type":"string","description_kind":"plain","required":true}},"description_kind":"plain"}},"hsdp_dicom_object_store":{"version":1,"block":{"attributes":{"access_type":{"type":"string","description_kind":"plain","computed":true},"config_url":{"type":"string","description_kind":"plain","required":true},"description":{"type":"string","description_kind":"plain","optional":true},"force_delete":{"type":"bool","description_kind":"plain","optional":true},"id":{"type":"string","description_kind":"plain","optional":true,"computed":true},"organization_id":{"type":"string","description_kind":"plain","required":true}},"block_types":{"s3creds_access":{"nesting_mode":"set","block":{"attributes":{"bucket_name":{"type":"string","description_kind":"plain","required":true},"endpoint":{"type":"string","description_kind":"plain","required":true},"folder_path":{"type":"string","description_kind":"plain","required":true},"product_key":{"type":"string","description_kind":"plain","required":true,"sensitive":true}},"block_types":{"service_account":{"nesting_mode":"set","block":{"attributes":{"access_token_endpoint":{"type":"string","description_kind":"plain","required":true},"name":{"type":"string","description_kind":"plain","optional":true},"private_key":{"type":"string","description_kind":"plain","required":true,"sensitive":true},"service_id":{"type":"string","description_kind":"plain","required":true},"token_endpoint":{"type":"string","description_kind":"plain","required":true}},"description_kind":"plain"},"max_items":1}},"description_kind":"plain"},"max_items":1},"static_access":{"nesting_mode":"set","block":{"attributes":{"access_key":{"type":"string","description_kind":"plain","required":true,"sensitive":true},"bucket_name":{"type":"string","description_kind":"plain","required":true},"endpoint":{"type":"string","description_kind":"plain","required":true},"secret_key":{"type":"string","description_kind":"plain","required":true,"sensitive":true}},"description_kind":"plain"},"max_items":1}},"description_kind":"plain"}},"hsdp_dicom_remote_node":{"version":0,"block":{"attributes":{"ae_title":{"type":"string","description_kind":"plain","required":true},"config_url":{"type":"string","description_kind":"plain","required":true},"id":{"type":"string","description_kind":"plain","optional":true,"computed":true},"organization_id":{"type":"string","description_kind":"plain","required":true},"title":{"type":"string","description_kind":"plain","required":true}},"block_types":{"network_connection":{"nesting_mode":"set","block":{"attributes":{"artim_timeout":{"type":"number","description_kind":"plain","optional":true},"association_idle_timeout":{"type":"number","description_kind":"plain","optional":true},"disable_ipv6":{"type":"bool","description_kind":"plain","required":true},"hostname":{"type":"string","description_kind":"plain","required":true},"ip_address":{"type":"string","description_kind":"plain","required":true},"is_secure":{"type":"bool","description_kind":"plain","required":true},"network_timeout":{"type":"number","description_kind":"plain","optional":true},"pdu_length":{"type":"number","description_kind":"plain","optional":true},"port":{"type":"number","description_kind":"plain","required":true}},"description_kind":"plain"},"max_items":1}},"description_kind":"plain"}},"hsdp_dicom_repository":{"version":0,"block":{"attributes":{"config_url":{"type":"string","description_kind":"plain","required":true},"id":{"type":"string","description_kind":"plain","optional":true,"computed":true},"object_store_id":{"type":"string","description_kind":"plain","required":true},"organization_id":{"type":"string","description_kind":"plain","required":true},"repository_organization_id":{"type":"string","description_kind":"plain","optional":true}},"block_types":{"notification":{"nesting_mode":"set","block":{"attributes":{"enabled":{"type":"bool","description_kind":"plain","optional":true},"organization_id":{"type":"string","description_kind":"plain","required":true}},"description_kind":"plain"},"max_items":1}},"description_kind":"plain"}},"hsdp_dicom_store_config":{"version":0,"block":{"attributes":{"config_url":{"type":"string","description_kind":"plain","required":true},"data_management_url":{"type":"string","description_kind":"plain","computed":true},"id":{"type":"string","description_kind":"plain","optional":true,"computed":true},"organization_id":{"type":"string","description_kind":"plain","required":true},"qido_url":{"type":"string","description_kind":"plain","computed":true},"stow_url":{"type":"string","description_kind":"plain","computed":true},"wado_url":{"type":"string","description_kind":"plain","computed":true}},"block_types":{"cdr_service_account":{"nesting_mode":"set","block":{"attributes":{"id":{"type":"string","description_kind":"plain","computed":true},"private_key":{"type":"string","description_kind":"plain","required":true},"service_id":{"type":"string","description_kind":"plain","required":true}},"description_kind":"plain"},"max_items":1},"fhir_store":{"nesting_mode":"set","block":{"attributes":{"mpi_endpoint":{"type":"string","description_kind":"plain","required":true}},"description_kind":"plain"},"max_items":1}},"description_kind":"plain"}},"hsdp_docker_namespace":{"version":0,"block":{"attributes":{"created_at":{"type":"string","description_kind":"plain","computed":true},"id":{"type":"string","description_kind":"plain","optional":true,"computed":true},"is_public":{"type":"bool","description_kind":"plain","computed":true},"name":{"type":"string","description_kind":"plain","required":true},"num_repos":{"type":"number","description_kind":"plain","computed":true}},"description_kind":"plain"}},"hsdp_docker_namespace_user":{"version":0,"block":{"attributes":{"can_delete":{"type":"bool","description_kind":"plain","optional":true},"can_pull":{"type":"bool","description_kind":"plain","optional":true},"can_push":{"type":"bool","description_kind":"plain","optional":true},"id":{"type":"string","description_kind":"plain","optional":true,"computed":true},"is_admin":{"type":"bool","description_kind":"plain","optional":true},"namespace_id":{"type":"string","description_kind":"plain","required":true},"user_id":{"type":"string","description_kind":"plain","computed":true},"username":{"type":"string","description_kind":"plain","required":true}},"description_kind":"plain"}},"hsdp_docker_repository":{"version":0,"block":{"attributes":{"compressed_sizes":{"type":["list","number"],"description_kind":"plain","computed":true},"full_description":{"type":"string","description_kind":"plain","optional":true},"full_name":{"type":"string","description_kind":"plain","computed":true},"id":{"type":"string","description_kind":"plain","optional":true,"computed":true},"ids":{"type":["list","number"],"description_kind":"plain","computed":true},"image_digests":{"type":["list","string"],"description_kind":"plain","computed":true},"image_ids":{"type":["list","string"],"description_kind":"plain","computed":true},"latest_tag":{"type":"string","description_kind":"plain","computed":true},"name":{"type":"string","description_kind":"plain","required":true},"namespace_id":{"type":"string","description_kind":"plain","required":true},"num_pulls":{"type":["list","number"],"description_kind":"plain","computed":true},"short_description":{"type":"string","description_kind":"plain","optional":true},"tags":{"type":["list","string"],"description_kind":"plain","computed":true},"total_pulls":{"type":"number","description_kind":"plain","computed":true},"total_tags":{"type":"number","description_kind":"plain","computed":true},"updated_at":{"type":["list","string"],"description_kind":"plain","computed":true}},"description_kind":"plain"}},"hsdp_docker_service_key":{"version":0,"block":{"attributes":{"created_at":{"type":"string","description_kind":"plain","computed":true},"description":{"type":"string","description_kind":"plain","required":true},"id":{"type":"string","description_kind":"plain","optional":true,"computed":true},"password":{"type":"string","description_kind":"plain","computed":true,"sensitive":true},"username":{"type":"string","description_kind":"plain","computed":true}},"description_kind":"plain"}},"hsdp_edge_app":{"version":0,"block":{"attributes":{"content":{"type":"string","description_kind":"plain","required":true},"device_id":{"type":"number","description_kind":"plain","computed":true},"id":{"type":"string","description_kind":"plain","optional":true,"computed":true},"name":{"type":"string","description_kind":"plain","required":true},"serial_number":{"type":"string","description_kind":"plain","required":true},"sync":{"type":"bool","description_kind":"plain","optional":true}},"description_kind":"plain"}},"hsdp_edge_config":{"version":1,"block":{"attributes":{"id":{"type":"string","description_kind":"plain","optional":true,"computed":true},"serial_number":{"type":"string","description_kind":"plain","required":true},"sync":{"type":"bool","description_kind":"plain","optional":true}},"block_types":{"firewall_exceptions":{"nesting_mode":"set","block":{"attributes":{"clear_on_destroy":{"type":"bool","description":"Clear ports on resource destroy","description_kind":"plain","optional":true},"ensure_tcp":{"type":["set","number"],"description_kind":"plain","optional":true},"ensure_udp":{"type":["set","number"],"description_kind":"plain","optional":true},"tcp":{"type":["set","number"],"description_kind":"plain","optional":true},"udp":{"type":["set","number"],"description_kind":"plain","optional":true}},"description_kind":"plain"},"max_items":1},"logging":{"nesting_mode":"set","block":{"attributes":{"hsdp_custom_field":{"type":"bool","description_kind":"plain","optional":true},"hsdp_ingestor_host":{"type":"string","description_kind":"plain","optional":true},"hsdp_logging":{"type":"bool","description_kind":"plain","optional":true},"hsdp_product_key":{"type":"string","description_kind":"plain","optional":true},"hsdp_secret_key":{"type":"string","description_kind":"plain","optional":true},"hsdp_shared_key":{"type":"string","description_kind":"plain","optional":true},"raw_config":{"type":"string","description_kind":"plain","optional":true}},"description_kind":"plain"},"max_items":1}},"description_kind":"plain"}},"hsdp_edge_custom_cert":{"version":0,"block":{"attributes":{"cert_pem":{"type":"string","description_kind":"plain","required":true},"id":{"type":"string","description_kind":"plain","optional":true,"computed":true},"name":{"type":"string","description_kind":"plain","required":true},"private_key_pem":{"type":"string","description_kind":"plain","required":true},"serial_number":{"type":"string","description_kind":"plain","required":true},"sync":{"type":"bool","description_kind":"plain","optional":true}},"description_kind":"plain"}},"hsdp_edge_sync":{"version":0,"block":{"attributes":{"id":{"type":"string","description_kind":"plain","optional":true,"computed":true},"serial_number":{"type":"string","description_kind":"plain","required":true},"triggers":{"type":["map","string"],"description":"A map of arbitrary strings that, when changed, will force the 'hsdp_edge_sync' resource to be replaced, re-sync conifg with the device.","description_kind":"plain","required":true}},"description":"The `hsdp_edge_sync` resource syncs device discovery to the actual device.","description_kind":"plain"}},"hsdp_function":{"version":7,"block":{"attributes":{"async_endpoint":{"type":"string","description_kind":"plain","computed":true},"auth_type":{"type":"string","description_kind":"plain","computed":true},"command":{"type":["list","string"],"description_kind":"plain","optional":true},"docker_credentials":{"type":["map","string"],"description_kind":"plain","optional":true,"sensitive":true},"docker_image":{"type":"string","description_kind":"plain","required":true},"endpoint":{"type":"string","description_kind":"plain","computed":true},"environment":{"type":["map","string"],"description_kind":"plain","optional":true,"sensitive":true},"id":{"type":"string","description_kind":"plain","optional":true,"computed":true},"name":{"type":"string","description_kind":"plain","required":true},"run_every":{"type":"string","description_kind":"plain","optional":true},"schedule":{"type":"string","description_kind":"plain","optional":true},"start_at":{"type":"string","description_kind":"plain","optional":true},"sync_endpoint":{"type":"string","description_kind":"plain","computed":true},"timeout":{"type":"number","description_kind":"plain","optional":true},"token":{"type":"string","description_kind":"plain","computed":true,"sensitive":true}},"block_types":{"backend":{"nesting_mode":"list","block":{"attributes":{"credentials":{"type":["map","string"],"description_kind":"plain","optional":true,"sensitive":true}},"description_kind":"plain"},"min_items":1,"max_items":1}},"description_kind":"plain"}},"hsdp_iam_activation_email":{"version":1,"block":{"attributes":{"id":{"type":"string","description_kind":"plain","optional":true,"computed":true},"last_sent":{"type":"string","description_kind":"plain","computed":true},"login_id":{"type":"string","description_kind":"plain","computed":true},"resend_every":{"type":"number","description_kind":"plain","optional":true},"send":{"type":"bool","description_kind":"plain","optional":true},"user_id":{"type":"string","description_kind":"plain","required":true},"verified":{"type":"bool","description_kind":"plain","computed":true}},"block_types":{"timeouts":{"nesting_mode":"single","block":{"attributes":{"create":{"type":"string","description_kind":"plain","optional":true},"update":{"type":"string","description_kind":"plain","optional":true}},"description_kind":"plain"}}},"description_kind":"plain"}},"hsdp_iam_application":{"version":0,"block":{"attributes":{"description":{"type":"string","description_kind":"plain","required":true},"global_reference_id":{"type":"string","description_kind":"plain","optional":true},"id":{"type":"string","description_kind":"plain","optional":true,"computed":true},"name":{"type":"string","description_kind":"plain","required":true},"proposition_id":{"type":"string","description_kind":"plain","required":true}},"description_kind":"plain"}},"hsdp_iam_client":{"version":0,"block":{"attributes":{"access_token_lifetime":{"type":"number","description_kind":"plain","optional":true},"application_id":{"type":"string","description_kind":"plain","required":true},"client_id":{"type":"string","description_kind":"plain","required":true},"consent_implied":{"type":"bool","description_kind":"plain","optional":true},"default_scopes":{"type":["set","string"],"description_kind":"plain","required":true},"description":{"type":"string","description_kind":"plain","required":true},"disabled":{"type":"bool","description_kind":"plain","computed":true},"global_reference_id":{"type":"string","description_kind":"plain","required":true},"id":{"type":"string","description_kind":"plain","optional":true,"computed":true},"id_token_lifetime":{"type":"number","description_kind":"plain","optional":true},"name":{"type":"string","description_kind":"plain","required":true},"password":{"type":"string","description_kind":"plain","required":true,"sensitive":true},"redirection_uris":{"type":["set","string"],"description_kind":"plain","required":true},"refresh_token_lifetime":{"type":"number","description_kind":"plain","optional":true},"response_types":{"type":["set","string"],"description_kind":"plain","required":true},"scopes":{"type":["set","string"],"description_kind":"plain","required":true},"type":{"type":"string","description_kind":"plain","required":true}},"description_kind":"plain"}},"hsdp_iam_email_template":{"version":0,"block":{"attributes":{"format":{"type":"string","description_kind":"plain","optional":true},"from":{"type":"string","description_kind":"plain","optional":true},"id":{"type":"string","description_kind":"plain","optional":true,"computed":true},"link":{"type":"string","description_kind":"plain","optional":true},"locale":{"type":"string","description_kind":"plain","optional":true},"managing_organization":{"type":"string","description_kind":"plain","required":true},"message":{"type":"string","description_kind":"plain","required":true},"message_base64":{"type":"string","description_kind":"plain","computed":true},"subject":{"type":"string","description_kind":"plain","optional":true},"type":{"type":"string","description_kind":"plain","required":true}},"description_kind":"plain"}},"hsdp_iam_group":{"version":1,"block":{"attributes":{"description":{"type":"string","description_kind":"plain","optional":true},"drift_detection":{"type":"bool","description_kind":"plain","optional":true},"id":{"type":"string","description_kind":"plain","optional":true,"computed":true},"managing_organization":{"type":"string","description_kind":"plain","required":true},"name":{"type":"string","description_kind":"plain","required":true},"roles":{"type":["set","string"],"description_kind":"plain","required":true},"services":{"type":["set","string"],"description_kind":"plain","optional":true},"users":{"type":["set","string"],"description_kind":"plain","optional":true}},"description_kind":"plain"}},"hsdp_iam_group_membership":{"version":0,"block":{"attributes":{"iam_group_id":{"type":"string","description_kind":"plain","required":true},"id":{"type":"string","description_kind":"plain","optional":true,"computed":true},"services":{"type":["set","string"],"description_kind":"plain","optional":true},"users":{"type":["set","string"],"description_kind":"plain","optional":true}},"description_kind":"plain"}},"hsdp_iam_mfa_policy":{"version":1,"block":{"attributes":{"active":{"type":"bool","description_kind":"plain","required":true},"description":{"type":"string","description_kind":"plain","optional":true},"id":{"type":"string","description_kind":"plain","optional":true,"computed":true},"name":{"type":"string","description_kind":"plain","required":true},"organization":{"type":"string","description_kind":"plain","optional":true},"type":{"type":"string","description_kind":"plain","required":true},"user":{"type":"string","description_kind":"plain","optional":true},"version":{"type":"string","description_kind":"plain","computed":true}},"description_kind":"plain"}},"hsdp_iam_org":{"version":4,"block":{"attributes":{"active":{"type":"bool","description_kind":"plain","computed":true},"description":{"type":"string","description_kind":"plain","optional":true},"display_name":{"type":"string","description_kind":"plain","optional":true},"external_id":{"type":"string","description_kind":"plain","optional":true},"id":{"type":"string","description_kind":"plain","optional":true,"computed":true},"is_root_org":{"type":"bool","description_kind":"plain","deprecated":true,"optional":true},"name":{"type":"string","description_kind":"plain","required":true},"parent_org_id":{"type":"string","description_kind":"plain","optional":true},"type":{"type":"string","description_kind":"plain","optional":true},"wait_for_delete":{"type":"bool","description_kind":"plain","optional":true}},"description_kind":"plain"}},"hsdp_iam_password_policy":{"version":0,"block":{"attributes":{"_policy":{"type":"string","description_kind":"plain","computed":true},"challenges_enabled":{"type":"bool","description_kind":"plain","optional":true},"expiry_period_in_days":{"type":"number","description_kind":"plain","optional":true},"history_count":{"type":"number","description_kind":"plain","optional":true},"id":{"type":"string","description_kind":"plain","optional":true,"computed":true},"managing_organization":{"type":"string","description_kind":"plain","required":true}},"block_types":{"challenge_policy":{"nesting_mode":"set","block":{"attributes":{"default_questions":{"type":["set","string"],"description_kind":"plain","optional":true},"max_incorrect_attempts":{"type":"number","description_kind":"plain","optional":true},"min_answer_count":{"type":"number","description_kind":"plain","optional":true},"min_question_count":{"type":"number","description_kind":"plain","optional":true}},"description_kind":"plain"},"max_items":1},"complexity":{"nesting_mode":"set","block":{"attributes":{"max_length":{"type":"number","description_kind":"plain","optional":true},"min_length":{"type":"number","description_kind":"plain","optional":true},"min_lowercase":{"type":"number","description_kind":"plain","optional":true},"min_numerics":{"type":"number","description_kind":"plain","optional":true},"min_special_chars":{"type":"number","description_kind":"plain","optional":true},"min_uppercase":{"type":"number","description_kind":"plain","optional":true}},"description_kind":"plain"},"min_items":1,"max_items":1}},"description_kind":"plain"}},"hsdp_iam_proposition":{"version":0,"block":{"attributes":{"description":{"type":"string","description_kind":"plain","required":true},"global_reference_id":{"type":"string","description_kind":"plain","optional":true},"id":{"type":"string","description_kind":"plain","optional":true,"computed":true},"name":{"type":"string","description_kind":"plain","required":true},"organization_id":{"type":"string","description_kind":"plain","required":true}},"description_kind":"plain"}},"hsdp_iam_role":{"version":1,"block":{"attributes":{"description":{"type":"string","description_kind":"plain","optional":true},"id":{"type":"string","description_kind":"plain","optional":true,"computed":true},"managing_organization":{"type":"string","description_kind":"plain","required":true},"name":{"type":"string","description_kind":"plain","required":true},"permissions":{"type":["set","string"],"description_kind":"plain","required":true},"ticket_protection":{"type":"bool","description_kind":"plain","optional":true}},"description_kind":"plain"}},"hsdp_iam_service":{"version":4,"block":{"attributes":{"application_id":{"type":"string","description_kind":"plain","required":true},"default_scopes":{"type":["set","string"],"description_kind":"plain","required":true},"description":{"type":"string","description_kind":"plain","required":true},"expires_on":{"type":"string","description_kind":"plain","optional":true,"computed":true},"id":{"type":"string","description_kind":"plain","optional":true,"computed":true},"name":{"type":"string","description_kind":"plain","required":true},"organization_id":{"type":"string","description_kind":"plain","computed":true},"private_key":{"type":"string","description_kind":"plain","computed":true,"sensitive":true},"scopes":{"type":["set","string"],"description_kind":"plain","required":true},"self_managed_certificate":{"type":"string","description_kind":"plain","deprecated":true,"optional":true},"self_managed_private_key":{"type":"string","description_kind":"plain","optional":true,"sensitive":true},"service_id":{"type":"string","description_kind":"plain","computed":true},"token_validity":{"type":"number","description_kind":"plain","optional":true},"validity":{"type":"number","description_kind":"plain","optional":true}},"description_kind":"plain"}},"hsdp_iam_sms_gateway":{"version":1,"block":{"attributes":{"activation_expiry":{"type":"number","description_kind":"plain","optional":true},"gateway_provider":{"type":"string","description_kind":"plain","optional":true},"id":{"type":"string","description_kind":"plain","optional":true,"computed":true},"organization_id":{"type":"string","description_kind":"plain","required":true},"query_retrieve_service_id":{"type":"string","description_kind":"plain","computed":true}},"block_types":{"credentials":{"nesting_mode":"set","block":{"attributes":{"token":{"type":"string","description_kind":"plain","required":true}},"description_kind":"plain"},"min_items":1,"max_items":1},"properties":{"nesting_mode":"set","block":{"attributes":{"endpoint":{"type":"string","description_kind":"plain","required":true},"from_number":{"type":"string","description_kind":"plain","required":true},"sid":{"type":"string","description_kind":"plain","required":true}},"description_kind":"plain"},"min_items":1,"max_items":1}},"description_kind":"plain"}},"hsdp_iam_sms_template":{"version":1,"block":{"attributes":{"external_id":{"type":"string","description_kind":"plain","optional":true},"id":{"type":"string","description_kind":"plain","optional":true,"computed":true},"locale":{"type":"string","description_kind":"plain","optional":true},"message":{"type":"string","description_kind":"plain","required":true},"organization_id":{"type":"string","description_kind":"plain","required":true},"type":{"type":"string","description_kind":"plain","required":true}},"description_kind":"plain"}},"hsdp_iam_user":{"version":2,"block":{"attributes":{"email":{"type":"string","description_kind":"plain","required":true},"first_name":{"type":"string","description_kind":"plain","required":true},"id":{"type":"string","description_kind":"plain","optional":true,"computed":true},"last_name":{"type":"string","description_kind":"plain","required":true},"login":{"type":"string","description_kind":"plain","required":true},"mobile":{"type":"string","description_kind":"plain","optional":true},"organization_id":{"type":"string","description_kind":"plain","required":true},"password":{"type":"string","description_kind":"plain","optional":true,"sensitive":true},"preferred_communication_channel":{"type":"string","description_kind":"plain","optional":true},"preferred_language":{"type":"string","description_kind":"plain","optional":true},"username":{"type":"string","description_kind":"plain","deprecated":true,"optional":true}},"description_kind":"plain"}},"hsdp_metrics_autoscaler":{"version":0,"block":{"attributes":{"app_name":{"type":"string","description_kind":"plain","required":true},"enabled":{"type":"bool","description_kind":"plain","optional":true},"id":{"type":"string","description_kind":"plain","optional":true,"computed":true},"max_instances":{"type":"number","description_kind":"plain","optional":true},"metrics_instance_id":{"type":"string","description_kind":"plain","required":true},"min_instances":{"type":"number","description_kind":"plain","optional":true}},"block_types":{"threshold_cpu":{"nesting_mode":"set","block":{"attributes":{"enabled":{"type":"bool","description_kind":"plain","optional":true},"max":{"type":"number","description_kind":"plain","optional":true},"min":{"type":"number","description_kind":"plain","optional":true}},"description_kind":"plain"},"min_items":1,"max_items":1},"threshold_http_latency":{"nesting_mode":"set","block":{"attributes":{"enabled":{"type":"bool","description_kind":"plain","required":true},"max":{"type":"number","description_kind":"plain","optional":true},"min":{"type":"number","description_kind":"plain","optional":true}},"description_kind":"plain"},"min_items":1,"max_items":1},"threshold_http_rate":{"nesting_mode":"set","block":{"attributes":{"enabled":{"type":"bool","description_kind":"plain","required":true},"max":{"type":"number","description_kind":"plain","optional":true},"min":{"type":"number","description_kind":"plain","optional":true}},"description_kind":"plain"},"min_items":1,"max_items":1},"threshold_memory":{"nesting_mode":"set","block":{"attributes":{"enabled":{"type":"bool","description_kind":"plain","required":true},"max":{"type":"number","description_kind":"plain","optional":true},"min":{"type":"number","description_kind":"plain","optional":true}},"description_kind":"plain"},"min_items":1,"max_items":1},"timeouts":{"nesting_mode":"single","block":{"attributes":{"create":{"type":"string","description_kind":"plain","optional":true},"delete":{"type":"string","description_kind":"plain","optional":true},"update":{"type":"string","description_kind":"plain","optional":true}},"description_kind":"plain"}}},"description_kind":"plain"}},"hsdp_notification_producer":{"version":0,"block":{"attributes":{"description":{"type":"string","description_kind":"plain","optional":true},"id":{"type":"string","description_kind":"plain","optional":true,"computed":true},"managing_organization":{"type":"string","description_kind":"plain","required":true},"managing_organization_id":{"type":"string","description_kind":"plain","required":true},"producer_product_name":{"type":"string","description_kind":"plain","optional":true},"producer_service_base_url":{"type":"string","description_kind":"plain","required":true},"producer_service_instance_name":{"type":"string","description_kind":"plain","required":true},"producer_service_name":{"type":"string","description_kind":"plain","required":true},"producer_service_path_url":{"type":"string","description_kind":"plain","required":true},"soft_delete":{"type":"bool","description_kind":"plain","optional":true}},"block_types":{"principal":{"nesting_mode":"set","block":{"attributes":{"endpoint":{"type":"string","description_kind":"plain","optional":true},"environment":{"type":"string","description_kind":"plain","optional":true},"oauth2_client_id":{"type":"string","description_kind":"plain","optional":true},"oauth2_password":{"type":"string","description_kind":"plain","optional":true},"password":{"type":"string","description_kind":"plain","optional":true},"region":{"type":"string","description_kind":"plain","optional":true},"service_id":{"type":"string","description_kind":"plain","optional":true},"service_private_key":{"type":"string","description_kind":"plain","optional":true},"username":{"type":"string","description_kind":"plain","optional":true}},"description_kind":"plain"}}},"description_kind":"plain"}},"hsdp_notification_subscriber":{"version":0,"block":{"attributes":{"description":{"type":"string","description_kind":"plain","optional":true},"id":{"type":"string","description_kind":"plain","optional":true,"computed":true},"managing_organization":{"type":"string","description_kind":"plain","required":true},"managing_organization_id":{"type":"string","description_kind":"plain","required":true},"soft_delete":{"type":"bool","description_kind":"plain","optional":true},"subscriber_product_name":{"type":"string","description_kind":"plain","optional":true},"subscriber_service_base_url":{"type":"string","description_kind":"plain","required":true},"subscriber_service_instance_name":{"type":"string","description_kind":"plain","required":true},"subscriber_service_name":{"type":"string","description_kind":"plain","required":true},"subscriber_service_path_url":{"type":"string","description_kind":"plain","required":true}},"block_types":{"principal":{"nesting_mode":"set","block":{"attributes":{"endpoint":{"type":"string","description_kind":"plain","optional":true},"environment":{"type":"string","description_kind":"plain","optional":true},"oauth2_client_id":{"type":"string","description_kind":"plain","optional":true},"oauth2_password":{"type":"string","description_kind":"plain","optional":true},"password":{"type":"string","description_kind":"plain","optional":true},"region":{"type":"string","description_kind":"plain","optional":true},"service_id":{"type":"string","description_kind":"plain","optional":true},"service_private_key":{"type":"string","description_kind":"plain","optional":true},"username":{"type":"string","description_kind":"plain","optional":true}},"description_kind":"plain"}}},"description_kind":"plain"}},"hsdp_notification_subscription":{"version":0,"block":{"attributes":{"id":{"type":"string","description_kind":"plain","optional":true,"computed":true},"soft_delete":{"type":"bool","description_kind":"plain","optional":true},"subscriber_id":{"type":"string","description_kind":"plain","required":true},"subscription_endpoint":{"type":"string","description_kind":"plain","optional":true},"topic_id":{"type":"string","description_kind":"plain","required":true}},"block_types":{"principal":{"nesting_mode":"set","block":{"attributes":{"endpoint":{"type":"string","description_kind":"plain","optional":true},"environment":{"type":"string","description_kind":"plain","optional":true},"oauth2_client_id":{"type":"string","description_kind":"plain","optional":true},"oauth2_password":{"type":"string","description_kind":"plain","optional":true},"password":{"type":"string","description_kind":"plain","optional":true},"region":{"type":"string","description_kind":"plain","optional":true},"service_id":{"type":"string","description_kind":"plain","optional":true},"service_private_key":{"type":"string","description_kind":"plain","optional":true},"username":{"type":"string","description_kind":"plain","optional":true}},"description_kind":"plain"}}},"description_kind":"plain"}},"hsdp_notification_topic":{"version":0,"block":{"attributes":{"allowed_scopes":{"type":["set","string"],"description_kind":"plain","required":true},"description":{"type":"string","description_kind":"plain","optional":true},"id":{"type":"string","description_kind":"plain","optional":true,"computed":true},"is_auditable":{"type":"bool","description_kind":"plain","optional":true},"name":{"type":"string","description_kind":"plain","required":true},"producer_id":{"type":"string","description_kind":"plain","required":true},"scope":{"type":"string","description_kind":"plain","optional":true},"soft_delete":{"type":"bool","description_kind":"plain","optional":true}},"block_types":{"principal":{"nesting_mode":"set","block":{"attributes":{"endpoint":{"type":"string","description_kind":"plain","optional":true},"environment":{"type":"string","description_kind":"plain","optional":true},"oauth2_client_id":{"type":"string","description_kind":"plain","optional":true},"oauth2_password":{"type":"string","description_kind":"plain","optional":true},"password":{"type":"string","description_kind":"plain","optional":true},"region":{"type":"string","description_kind":"plain","optional":true},"service_id":{"type":"string","description_kind":"plain","optional":true},"service_private_key":{"type":"string","description_kind":"plain","optional":true},"username":{"type":"string","description_kind":"plain","optional":true}},"description_kind":"plain"}}},"description_kind":"plain"}},"hsdp_pki_cert":{"version":1,"block":{"attributes":{"alt_name":{"type":"string","description_kind":"plain","deprecated":true,"optional":true},"alt_names":{"type":"string","description_kind":"plain","optional":true},"ca_chain_pem":{"type":"string","description_kind":"plain","computed":true},"cert_pem":{"type":"string","description_kind":"plain","computed":true},"common_name":{"type":"string","description_kind":"plain","required":true},"exclude_cn_from_sans":{"type":"bool","description_kind":"plain","optional":true},"expiration":{"type":"number","description_kind":"plain","computed":true},"id":{"type":"string","description_kind":"plain","optional":true,"computed":true},"ip_sans":{"type":["set","string"],"description_kind":"plain","optional":true},"issuing_ca_pem":{"type":"string","description_kind":"plain","computed":true},"other_sans":{"type":["set","string"],"description_kind":"plain","optional":true},"private_key_pem":{"type":"string","description_kind":"plain","computed":true,"sensitive":true},"role":{"type":"string","description_kind":"plain","required":true},"serial_number":{"type":"string","description_kind":"plain","computed":true},"tenant_id":{"type":"string","description_kind":"plain","required":true},"ttl":{"type":"string","description_kind":"plain","optional":true},"uri_sans":{"type":["set","string"],"description_kind":"plain","optional":true}},"description_kind":"plain"}},"hsdp_pki_tenant":{"version":0,"block":{"attributes":{"api_endpoint":{"type":"string","description_kind":"plain","computed":true},"iam_orgs":{"type":["set","string"],"description_kind":"plain","required":true},"id":{"type":"string","description_kind":"plain","optional":true,"computed":true},"logical_path":{"type":"string","description_kind":"plain","computed":true},"organization_name":{"type":"string","description_kind":"plain","required":true},"plan_name":{"type":"string","description_kind":"plain","computed":true},"service_name":{"type":"string","description_kind":"plain","computed":true},"space_name":{"type":"string","description_kind":"plain","required":true}},"block_types":{"ca":{"nesting_mode":"set","block":{"attributes":{"common_name":{"type":"string","description_kind":"plain","required":true}},"description_kind":"plain"},"min_items":1,"max_items":1},"role":{"nesting_mode":"set","block":{"attributes":{"allow_any_name":{"type":"bool","description_kind":"plain","required":true},"allow_ip_sans":{"type":"bool","description_kind":"plain","required":true},"allow_subdomains":{"type":"bool","description_kind":"plain","required":true},"allowed_domains":{"type":["set","string"],"description_kind":"plain","optional":true},"allowed_other_sans":{"type":["set","string"],"description_kind":"plain","required":true},"allowed_serial_numbers":{"type":["set","string"],"description_kind":"plain","optional":true},"allowed_uri_sans":{"type":["set","string"],"description_kind":"plain","required":true},"client_flag":{"type":"bool","description_kind":"plain","required":true},"enforce_hostnames":{"type":"bool","description_kind":"plain","optional":true},"key_bits":{"type":"number","description_kind":"plain","required":true},"key_type":{"type":"string","description_kind":"plain","required":true},"name":{"type":"string","description_kind":"plain","required":true},"server_flag":{"type":"bool","description_kind":"plain","required":true}},"description_kind":"plain"},"min_items":1}},"description_kind":"plain"}},"hsdp_s3creds_policy":{"version":0,"block":{"attributes":{"id":{"type":"string","description_kind":"plain","optional":true,"computed":true},"policy":{"type":"string","description_kind":"plain","required":true},"product_key":{"type":"string","description_kind":"plain","required":true,"sensitive":true}},"description_kind":"plain"}}},"data_source_schemas":{"hsdp_ai_inference_compute_environments":{"version":0,"block":{"attributes":{"endpoint":{"type":"string","description_kind":"plain","required":true},"id":{"type":"string","description_kind":"plain","optional":true,"computed":true},"ids":{"type":["list","string"],"description_kind":"plain","computed":true},"names":{"type":["list","string"],"description_kind":"plain","computed":true}},"description_kind":"plain"}},"hsdp_ai_inference_compute_targets":{"version":0,"block":{"attributes":{"endpoint":{"type":"string","description_kind":"plain","required":true},"id":{"type":"string","description_kind":"plain","optional":true,"computed":true},"ids":{"type":["list","string"],"description_kind":"plain","computed":true},"names":{"type":["list","string"],"description_kind":"plain","computed":true}},"description_kind":"plain"}},"hsdp_ai_inference_jobs":{"version":0,"block":{"attributes":{"endpoint":{"type":"string","description_kind":"plain","required":true},"id":{"type":"string","description_kind":"plain","optional":true,"computed":true},"ids":{"type":["list","string"],"description_kind":"plain","computed":true},"names":{"type":["list","string"],"description_kind":"plain","computed":true}},"description_kind":"plain"}},"hsdp_ai_inference_models":{"version":0,"block":{"attributes":{"endpoint":{"type":"string","description_kind":"plain","required":true},"id":{"type":"string","description_kind":"plain","optional":true,"computed":true},"ids":{"type":["list","string"],"description_kind":"plain","computed":true},"names":{"type":["list","string"],"description_kind":"plain","computed":true}},"description_kind":"plain"}},"hsdp_ai_inference_service_instance":{"version":0,"block":{"attributes":{"base_url":{"type":"string","description_kind":"plain","required":true},"endpoint":{"type":"string","description_kind":"plain","computed":true},"id":{"type":"string","description_kind":"plain","optional":true,"computed":true},"organization_id":{"type":"string","description_kind":"plain","required":true}},"description_kind":"plain"}},"hsdp_ai_workspace":{"version":0,"block":{"attributes":{"base_url":{"type":"string","description_kind":"plain","required":true},"endpoint":{"type":"string","description_kind":"plain","computed":true},"id":{"type":"string","description_kind":"plain","optional":true,"computed":true},"url":{"type":"string","description_kind":"plain","computed":true},"workspace_id":{"type":"string","description_kind":"plain","required":true}},"description_kind":"plain"}},"hsdp_ai_workspace_compute_targets":{"version":0,"block":{"attributes":{"endpoint":{"type":"string","description_kind":"plain","required":true},"id":{"type":"string","description_kind":"plain","optional":true,"computed":true},"ids":{"type":["list","string"],"description_kind":"plain","computed":true},"names":{"type":["list","string"],"description_kind":"plain","computed":true}},"description_kind":"plain"}},"hsdp_ai_workspace_service_instance":{"version":0,"block":{"attributes":{"base_url":{"type":"string","description_kind":"plain","required":true},"endpoint":{"type":"string","description_kind":"plain","computed":true},"id":{"type":"string","description_kind":"plain","optional":true,"computed":true},"organization_id":{"type":"string","description_kind":"plain","required":true}},"description_kind":"plain"}},"hsdp_cdl_data_type_definition":{"version":0,"block":{"attributes":{"cdl_endpoint":{"type":"string","description_kind":"plain","required":true},"created_by":{"type":"string","description_kind":"plain","computed":true},"created_on":{"type":"string","description_kind":"plain","computed":true},"dtd_id":{"type":"string","description_kind":"plain","required":true},"id":{"type":"string","description_kind":"plain","optional":true,"computed":true},"json_schema":{"type":"string","description_kind":"plain","computed":true},"updated_by":{"type":"string","description_kind":"plain","computed":true},"updated_on":{"type":"string","description_kind":"plain","computed":true}},"description_kind":"plain"}},"hsdp_cdl_data_type_definitions":{"version":0,"block":{"attributes":{"cdl_endpoint":{"type":"string","description_kind":"plain","required":true},"id":{"type":"string","description_kind":"plain","optional":true,"computed":true},"ids":{"type":["list","string"],"description_kind":"plain","computed":true},"names":{"type":["list","string"],"description_kind":"plain","computed":true}},"description_kind":"plain"}},"hsdp_cdl_export_route":{"version":0,"block":{"attributes":{"auto_export":{"type":"bool","description_kind":"plain","computed":true},"cdl_endpoint":{"type":"string","description_kind":"plain","required":true},"created_by":{"type":"string","description_kind":"plain","computed":true},"created_on":{"type":"string","description_kind":"plain","computed":true},"description":{"type":"string","description_kind":"plain","computed":true},"destination":{"type":"string","description_kind":"plain","computed":true},"display_name":{"type":"string","description_kind":"plain","computed":true},"export_route_id":{"type":"string","description_kind":"plain","required":true},"export_route_name":{"type":"string","description_kind":"plain","computed":true},"id":{"type":"string","description_kind":"plain","optional":true,"computed":true},"source":{"type":"string","description_kind":"plain","computed":true},"updated_by":{"type":"string","description_kind":"plain","computed":true},"updated_on":{"type":"string","description_kind":"plain","computed":true}},"description_kind":"plain"}},"hsdp_cdl_instance":{"version":0,"block":{"attributes":{"base_url":{"type":"string","description_kind":"plain","required":true},"endpoint":{"type":"string","description_kind":"plain","computed":true},"id":{"type":"string","description_kind":"plain","optional":true,"computed":true},"organization_id":{"type":"string","description_kind":"plain","required":true}},"description_kind":"plain"}},"hsdp_cdl_label_definition":{"version":0,"block":{"attributes":{"cdl_endpoint":{"type":"string","description_kind":"plain","required":true},"created_by":{"type":"string","description_kind":"plain","computed":true},"created_on":{"type":"string","description_kind":"plain","computed":true},"description":{"type":"string","description_kind":"plain","computed":true},"id":{"type":"string","description_kind":"plain","optional":true,"computed":true},"label_def_id":{"type":"string","description_kind":"plain","required":true},"label_def_name":{"type":"string","description_kind":"plain","computed":true},"label_name":{"type":"string","description_kind":"plain","computed":true},"label_scope":{"type":"string","description_kind":"plain","computed":true},"labels":{"type":"string","description_kind":"plain","computed":true},"study_id":{"type":"string","description_kind":"plain","required":true},"type":{"type":"string","description_kind":"plain","computed":true}},"description_kind":"plain"}},"hsdp_cdl_research_studies":{"version":0,"block":{"attributes":{"cdl_endpoint":{"type":"string","description_kind":"plain","required":true},"id":{"type":"string","description_kind":"plain","optional":true,"computed":true},"ids":{"type":["list","string"],"description_kind":"plain","computed":true},"titles":{"type":["list","string"],"description_kind":"plain","computed":true}},"description_kind":"plain"}},"hsdp_cdl_research_study":{"version":0,"block":{"attributes":{"cdl_endpoint":{"type":"string","description_kind":"plain","required":true},"data_protected_from_deletion":{"type":"bool","description_kind":"plain","computed":true},"data_scientists":{"type":["set","string"],"description_kind":"plain","computed":true},"description":{"type":"string","description_kind":"plain","computed":true},"ends_at":{"type":"string","description_kind":"plain","computed":true},"id":{"type":"string","description_kind":"plain","optional":true,"computed":true},"monitors":{"type":["set","string"],"description_kind":"plain","computed":true},"study_id":{"type":"string","description_kind":"plain","required":true},"study_managers":{"type":["set","string"],"description_kind":"plain","computed":true},"study_owner":{"type":"string","description_kind":"plain","computed":true},"title":{"type":"string","description_kind":"plain","computed":true},"uploaders":{"type":["set","string"],"description_kind":"plain","computed":true}},"description_kind":"plain"}},"hsdp_cdr_fhir_store":{"version":0,"block":{"attributes":{"base_url":{"type":"string","description_kind":"plain","required":true},"endpoint":{"type":"string","description_kind":"plain","computed":true},"fhir_org_id":{"type":"string","description_kind":"plain","required":true},"id":{"type":"string","description_kind":"plain","optional":true,"computed":true},"type":{"type":"string","description_kind":"plain","computed":true}},"description_kind":"plain"}},"hsdp_cdr_org":{"version":1,"block":{"attributes":{"fhir_store":{"type":"string","description_kind":"plain","required":true},"id":{"type":"string","description_kind":"plain","optional":true,"computed":true},"name":{"type":"string","description_kind":"plain","computed":true},"org_id":{"type":"string","description_kind":"plain","required":true},"part_of":{"type":"string","description_kind":"plain","computed":true},"version":{"type":"string","description_kind":"plain","optional":true}},"description_kind":"plain"}},"hsdp_cdr_practitioner":{"version":0,"block":{"attributes":{"fhir_json":{"type":"string","description_kind":"plain","computed":true},"fhir_store":{"type":"string","description_kind":"plain","required":true},"guid":{"type":"string","description_kind":"plain","required":true},"id":{"type":"string","description_kind":"plain","optional":true,"computed":true},"identity_systems":{"type":["list","string"],"description_kind":"plain","computed":true},"identity_uses":{"type":["list","string"],"description_kind":"plain","computed":true},"identity_values":{"type":["list","string"],"description_kind":"plain","computed":true},"version":{"type":"string","description_kind":"plain","required":true}},"description_kind":"plain"}},"hsdp_config":{"version":0,"block":{"attributes":{"domain":{"type":"string","description":"The domain associated with the service","description_kind":"plain","computed":true},"environment":{"type":"string","description":"The environment to refer to. Defaults to the provider configured one","description_kind":"plain","optional":true},"host":{"type":"string","description":"The host associated with the service","description_kind":"plain","computed":true},"id":{"type":"string","description_kind":"plain","optional":true,"computed":true},"org_admin_username":{"type":"string","description":"The OrgAdmin username used to authenticate against IAM","description_kind":"plain","computed":true},"region":{"type":"string","description":"The region to look up. Defaults to the provider configured one","description_kind":"plain","optional":true},"regions":{"type":["set","string"],"description_kind":"plain","computed":true},"service":{"type":"string","description":"The service to look up","description_kind":"plain","required":true},"service_id":{"type":"string","description":"The service ID used to authenticate against IAM","description_kind":"plain","computed":true},"services":{"type":["set","string"],"description_kind":"plain","computed":true},"sliding_expires_on":{"type":"string","description":"The next quarter starting date based on the current time. Useful for setting certificate expires","description_kind":"plain","computed":true},"url":{"type":"string","description":"The url associated with the service","description_kind":"plain","computed":true}},"description_kind":"plain"}},"hsdp_connect_mdm_application":{"version":1,"block":{"attributes":{"application_guid_system":{"type":"string","description_kind":"plain","computed":true},"application_guid_value":{"type":"string","description_kind":"plain","computed":true},"default_group_guid_system":{"type":"string","description_kind":"plain","computed":true},"default_group_guid_value":{"type":"string","description_kind":"plain","computed":true},"description":{"type":"string","description_kind":"plain","computed":true},"global_reference_id":{"type":"string","description_kind":"plain","computed":true},"guid":{"type":"string","description_kind":"plain","computed":true},"id":{"type":"string","description_kind":"plain","optional":true,"computed":true},"name":{"type":"string","description_kind":"plain","required":true},"proposition_id":{"type":"string","description_kind":"plain","required":true}},"description_kind":"plain"}},"hsdp_connect_mdm_bucket":{"version":0,"block":{"attributes":{"auditing_enabled":{"type":"bool","description_kind":"plain","computed":true},"cache_control_age":{"type":"number","description_kind":"plain","computed":true},"cdn_enabled":{"type":"bool","description_kind":"plain","computed":true},"cors_config_json":{"type":"string","description_kind":"plain","computed":true},"cross_region_replication_enabled":{"type":"bool","description_kind":"plain","computed":true},"description":{"type":"string","description_kind":"plain","computed":true},"global_reference_id":{"type":"string","description_kind":"plain","computed":true},"guid":{"type":"string","description_kind":"plain","computed":true},"id":{"type":"string","description_kind":"plain","optional":true,"computed":true},"logging_enabled":{"type":"bool","description_kind":"plain","computed":true},"name":{"type":"string","description_kind":"plain","required":true},"proposition_id":{"type":"string","description_kind":"plain","required":true},"replication_region_id":{"type":"string","description_kind":"plain","computed":true}},"description_kind":"plain"}},"hsdp_connect_mdm_data_adapters":{"version":0,"block":{"attributes":{"descriptions":{"type":["list","string"],"description_kind":"plain","computed":true},"id":{"type":"string","description_kind":"plain","optional":true,"computed":true},"ids":{"type":["list","string"],"description_kind":"plain","computed":true},"names":{"type":["list","string"],"description_kind":"plain","computed":true},"service_agent_ids":{"type":["list","string"],"description_kind":"plain","computed":true}},"description_kind":"plain"}},"hsdp_connect_mdm_data_subscribers":{"version":0,"block":{"attributes":{"configurations":{"type":["list","string"],"description_kind":"plain","computed":true},"id":{"type":"string","description_kind":"plain","optional":true,"computed":true},"ids":{"type":["list","string"],"description_kind":"plain","computed":true},"names":{"type":["list","string"],"description_kind":"plain","computed":true},"subscriber_guids":{"type":["list","string"],"description_kind":"plain","computed":true},"subscriber_type_ids":{"type":["list","string"],"description_kind":"plain","computed":true}},"description_kind":"plain"}},"hsdp_connect_mdm_data_type":{"version":0,"block":{"attributes":{"description":{"type":"string","description_kind":"plain","computed":true},"guid":{"type":"string","description_kind":"plain","computed":true},"id":{"type":"string","description_kind":"plain","optional":true,"computed":true},"name":{"type":"string","description_kind":"plain","required":true},"proposition_id":{"type":"string","description_kind":"plain","required":true},"tags":{"type":["set","string"],"description_kind":"plain","computed":true}},"description_kind":"plain"}},"hsdp_connect_mdm_oauth_client_scopes":{"version":0,"block":{"attributes":{"actions":{"type":["list","string"],"description_kind":"plain","computed":true},"bootstrap_enabled":{"type":["list","bool"],"description_kind":"plain","computed":true},"id":{"type":"string","description_kind":"plain","optional":true,"computed":true},"ids":{"type":["list","string"],"description_kind":"plain","computed":true},"names":{"type":["list","string"],"description_kind":"plain","computed":true},"organizations":{"type":["list","string"],"description_kind":"plain","computed":true},"propositions":{"type":["list","string"],"description_kind":"plain","computed":true},"resources":{"type":["list","string"],"description_kind":"plain","computed":true},"scopes":{"type":["list","string"],"description_kind":"plain","computed":true},"services":{"type":["list","string"],"description_kind":"plain","computed":true}},"description_kind":"plain"}},"hsdp_connect_mdm_proposition":{"version":0,"block":{"attributes":{"description":{"type":"string","description_kind":"plain","computed":true},"error_on_not_found":{"type":"bool","description_kind":"plain","optional":true},"found":{"type":"bool","description_kind":"plain","computed":true},"global_reference_id":{"type":"string","description_kind":"plain","computed":true},"guid":{"type":"string","description_kind":"plain","computed":true},"id":{"type":"string","description_kind":"plain","optional":true,"computed":true},"name":{"type":"string","description_kind":"plain","required":true},"organization_id":{"type":"string","description_kind":"plain","required":true},"status":{"type":"string","description_kind":"plain","computed":true}},"description_kind":"plain"}},"hsdp_connect_mdm_region":{"version":0,"block":{"attributes":{"category":{"type":"string","description_kind":"plain","computed":true},"description":{"type":"string","description_kind":"plain","computed":true},"guid":{"type":"string","description_kind":"plain","computed":true},"hsdp_enabled":{"type":"bool","description_kind":"plain","computed":true},"id":{"type":"string","description_kind":"plain","optional":true,"computed":true},"name":{"type":"string","description_kind":"plain","required":true}},"description_kind":"plain"}},"hsdp_connect_mdm_regions":{"version":0,"block":{"attributes":{"categories":{"type":["list","string"],"description_kind":"plain","computed":true},"descriptions":{"type":["list","string"],"description_kind":"plain","computed":true},"hsdp_enabled":{"type":["list","bool"],"description_kind":"plain","computed":true},"id":{"type":"string","description_kind":"plain","optional":true,"computed":true},"ids":{"type":["list","string"],"description_kind":"plain","computed":true},"names":{"type":["list","string"],"description_kind":"plain","computed":true}},"description_kind":"plain"}},"hsdp_connect_mdm_resource_limits":{"version":0,"block":{"attributes":{"defaults":{"type":["list","number"],"description_kind":"plain","computed":true},"id":{"type":"string","description_kind":"plain","optional":true,"computed":true},"overrides":{"type":["list","number"],"description_kind":"plain","computed":true},"resources":{"type":["list","string"],"description_kind":"plain","computed":true}},"description_kind":"plain"}},"hsdp_connect_mdm_service_agent":{"version":0,"block":{"attributes":{"api_version_supported":{"type":"string","description_kind":"plain","computed":true},"authentication_method_ids":{"type":["set","string"],"description_kind":"plain","computed":true},"configuration":{"type":"string","description_kind":"plain","computed":true},"data_subscriber_id":{"type":"string","description_kind":"plain","computed":true},"description":{"type":"string","description_kind":"plain","computed":true},"guid":{"type":"string","description_kind":"plain","computed":true},"id":{"type":"string","description_kind":"plain","optional":true,"computed":true},"name":{"type":"string","description_kind":"plain","required":true}},"description_kind":"plain"}},"hsdp_connect_mdm_service_agents":{"version":0,"block":{"attributes":{"configurations":{"type":["list","string"],"description_kind":"plain","computed":true},"data_subscriber_ids":{"type":["list","string"],"description_kind":"plain","computed":true},"descriptions":{"type":["list","string"],"description_kind":"plain","computed":true},"id":{"type":"string","description_kind":"plain","optional":true,"computed":true},"ids":{"type":["list","string"],"description_kind":"plain","computed":true},"names":{"type":["list","string"],"description_kind":"plain","computed":true},"supported_api_versions":{"type":["list","string"],"description_kind":"plain","computed":true}},"description_kind":"plain"}},"hsdp_connect_mdm_standard_service":{"version":0,"block":{"attributes":{"description":{"type":"string","description_kind":"plain","computed":true},"guid":{"type":"string","description_kind":"plain","computed":true},"id":{"type":"string","description_kind":"plain","optional":true,"computed":true},"name":{"type":"string","description_kind":"plain","required":true},"organization_identifier":{"type":"string","description_kind":"plain","computed":true},"service_url":{"type":["set",["object",{"authentication_method_id":"string","sort_order":"number","url":"string"}]],"description_kind":"plain","computed":true},"tags":{"type":["set","string"],"description_kind":"plain","computed":true},"trusted":{"type":"bool","description_kind":"plain","computed":true}},"description_kind":"plain"}},"hsdp_connect_mdm_standard_services":{"version":0,"block":{"attributes":{"descriptions":{"type":["list","string"],"description_kind":"plain","computed":true},"id":{"type":"string","description_kind":"plain","optional":true,"computed":true},"ids":{"type":["list","string"],"description_kind":"plain","computed":true},"names":{"type":["list","string"],"description_kind":"plain","computed":true},"trusted":{"type":["list","bool"],"description_kind":"plain","computed":true}},"description_kind":"plain"}},"hsdp_connect_mdm_storage_class":{"version":0,"block":{"attributes":{"description":{"type":"string","description_kind":"plain","computed":true},"guid":{"type":"string","description_kind":"plain","computed":true},"id":{"type":"string","description_kind":"plain","optional":true,"computed":true},"name":{"type":"string","description_kind":"plain","required":true}},"description_kind":"plain"}},"hsdp_connect_mdm_storage_classes":{"version":0,"block":{"attributes":{"descriptions":{"type":["list","string"],"description_kind":"plain","computed":true},"id":{"type":"string","description_kind":"plain","optional":true,"computed":true},"ids":{"type":["list","string"],"description_kind":"plain","computed":true},"names":{"type":["list","string"],"description_kind":"plain","computed":true}},"description_kind":"plain"}},"hsdp_connect_mdm_subscriber_types":{"version":0,"block":{"attributes":{"configuration_templates":{"type":["list","string"],"description_kind":"plain","computed":true},"descriptions":{"type":["list","string"],"description_kind":"plain","computed":true},"id":{"type":"string","description_kind":"plain","optional":true,"computed":true},"ids":{"type":["list","string"],"description_kind":"plain","computed":true},"names":{"type":["list","string"],"description_kind":"plain","computed":true},"subscription_templates":{"type":["list","string"],"description_kind":"plain","computed":true}},"description_kind":"plain"}},"hsdp_container_host":{"version":5,"block":{"attributes":{"block_devices":{"type":["set","string"],"description_kind":"plain","computed":true},"id":{"type":"string","description_kind":"plain","computed":true},"launch_time":{"type":"string","description_kind":"plain","computed":true},"ldap_groups":{"type":["set","string"],"description_kind":"plain","computed":true},"name":{"type":"string","description_kind":"plain","required":true},"owner":{"type":"string","description_kind":"plain","computed":true},"private_ip":{"type":"string","description_kind":"plain","computed":true},"protection":{"type":"bool","description_kind":"plain","computed":true},"public_ip":{"type":"string","description_kind":"plain","computed":true},"role":{"type":"string","description_kind":"plain","computed":true},"security_groups":{"type":["set","string"],"description_kind":"plain","computed":true},"state":{"type":"string","description_kind":"plain","computed":true},"subnet":{"type":"string","description_kind":"plain","computed":true},"tags":{"type":["map","string"],"description_kind":"plain","computed":true},"type":{"type":"string","description_kind":"plain","computed":true},"vpc":{"type":"string","description_kind":"plain","computed":true},"zone":{"type":"string","description_kind":"plain","computed":true}},"description_kind":"plain"}},"hsdp_container_host_instances":{"version":0,"block":{"attributes":{"id":{"type":"string","description_kind":"plain","optional":true,"computed":true},"ids":{"type":["list","string"],"description_kind":"plain","computed":true},"names":{"type":["list","string"],"description_kind":"plain","computed":true},"owners":{"type":["list","string"],"description_kind":"plain","computed":true},"roles":{"type":["list","string"],"description_kind":"plain","computed":true}},"description_kind":"plain"}},"hsdp_container_host_security_group_details":{"version":0,"block":{"attributes":{"id":{"type":"string","description_kind":"plain","optional":true,"computed":true},"name":{"type":"string","description_kind":"plain","required":true},"port_ranges":{"type":["list","string"],"description_kind":"plain","computed":true},"protocols":{"type":["list","string"],"description_kind":"plain","computed":true},"sources":{"type":["list","string"],"description_kind":"plain","computed":true}},"description_kind":"plain"}},"hsdp_container_host_security_groups":{"version":0,"block":{"attributes":{"id":{"type":"string","description_kind":"plain","optional":true,"computed":true},"names":{"type":["list","string"],"description_kind":"plain","computed":true}},"description_kind":"plain"}},"hsdp_container_host_subnet_types":{"version":0,"block":{"attributes":{"id":{"type":"string","description_kind":"plain","optional":true,"computed":true},"ids":{"type":["list","string"],"description_kind":"plain","computed":true},"names":{"type":["list","string"],"description_kind":"plain","computed":true},"networks":{"type":["list","string"],"description_kind":"plain","computed":true}},"description_kind":"plain"}},"hsdp_docker_namespace":{"version":0,"block":{"attributes":{"created_at":{"type":"string","description_kind":"plain","computed":true},"id":{"type":"string","description_kind":"plain","optional":true,"computed":true},"is_public":{"type":"bool","description_kind":"plain","computed":true},"name":{"type":"string","description_kind":"plain","required":true},"num_repos":{"type":"number","description_kind":"plain","computed":true},"repositories":{"type":["list","string"],"description_kind":"plain","computed":true}},"description_kind":"plain"}},"hsdp_docker_namespaces":{"version":0,"block":{"attributes":{"id":{"type":"string","description_kind":"plain","optional":true,"computed":true},"names":{"type":["list","string"],"description_kind":"plain","computed":true},"num_repos":{"type":["list","number"],"description_kind":"plain","computed":true}},"description_kind":"plain"}},"hsdp_docker_repository":{"version":0,"block":{"attributes":{"compressed_sizes":{"type":["list","number"],"description_kind":"plain","computed":true},"full_description":{"type":"string","description_kind":"plain","computed":true},"full_name":{"type":"string","description_kind":"plain","computed":true},"id":{"type":"string","description_kind":"plain","optional":true,"computed":true},"ids":{"type":["list","number"],"description_kind":"plain","computed":true},"image_digests":{"type":["list","string"],"description_kind":"plain","computed":true},"image_ids":{"type":["list","string"],"description_kind":"plain","computed":true},"latest_tag":{"type":"string","description_kind":"plain","computed":true},"name":{"type":"string","description_kind":"plain","required":true},"namespace_id":{"type":"string","description_kind":"plain","required":true},"num_pulls":{"type":["list","number"],"description_kind":"plain","computed":true},"short_description":{"type":"string","description_kind":"plain","computed":true},"tags":{"type":["list","string"],"description_kind":"plain","computed":true},"total_pulls":{"type":"number","description_kind":"plain","computed":true},"total_tags":{"type":"number","description_kind":"plain","computed":true},"updated_at":{"type":["list","string"],"description_kind":"plain","computed":true}},"description_kind":"plain"}},"hsdp_edge_device":{"version":0,"block":{"attributes":{"endpoint":{"type":"string","description_kind":"plain","optional":true},"environment":{"type":"string","description_kind":"plain","optional":true},"hardware_type":{"type":"string","description_kind":"plain","computed":true},"id":{"type":"string","description_kind":"plain","optional":true,"computed":true},"name":{"type":"string","description_kind":"plain","computed":true},"primary_interface_ip":{"type":"string","description_kind":"plain","computed":true},"region":{"type":"string","description_kind":"plain","computed":true},"serial_number":{"type":"string","description_kind":"plain","required":true},"state":{"type":"string","description_kind":"plain","computed":true}},"description_kind":"plain"}},"hsdp_iam_application":{"version":0,"block":{"attributes":{"description":{"type":"string","description_kind":"plain","computed":true},"global_reference_id":{"type":"string","description_kind":"plain","computed":true},"id":{"type":"string","description_kind":"plain","optional":true,"computed":true},"name":{"type":"string","description_kind":"plain","required":true},"proposition_id":{"type":"string","description_kind":"plain","required":true}},"description_kind":"plain"}},"hsdp_iam_client":{"version":0,"block":{"attributes":{"access_token_lifetime":{"type":"number","description_kind":"plain","computed":true},"application_id":{"type":"string","description_kind":"plain","required":true},"client_id":{"type":"string","description_kind":"plain","computed":true},"consent_implied":{"type":"bool","description_kind":"plain","computed":true},"default_scopes":{"type":["set","string"],"description_kind":"plain","computed":true},"description":{"type":"string","description_kind":"plain","computed":true},"disabled":{"type":"bool","description_kind":"plain","computed":true},"global_reference_id":{"type":"string","description_kind":"plain","computed":true},"id":{"type":"string","description_kind":"plain","optional":true,"computed":true},"id_token_lifetime":{"type":"number","description_kind":"plain","computed":true},"name":{"type":"string","description_kind":"plain","required":true},"redirection_uris":{"type":["set","string"],"description_kind":"plain","computed":true},"refresh_token_lifetime":{"type":"number","description_kind":"plain","computed":true},"response_types":{"type":["set","string"],"description_kind":"plain","computed":true},"scopes":{"type":["set","string"],"description_kind":"plain","computed":true},"type":{"type":"string","description_kind":"plain","computed":true}},"description_kind":"plain"}},"hsdp_iam_email_templates":{"version":0,"block":{"attributes":{"formats":{"type":["list","string"],"description_kind":"plain","computed":true},"from":{"type":["list","string"],"description_kind":"plain","computed":true},"id":{"type":"string","description_kind":"plain","optional":true,"computed":true},"ids":{"type":["list","string"],"description_kind":"plain","computed":true},"links":{"type":["list","string"],"description_kind":"plain","computed":true},"locale":{"type":"string","description_kind":"plain","optional":true},"locales":{"type":["list","string"],"description_kind":"plain","computed":true},"messages":{"type":["list","string"],"description_kind":"plain","computed":true},"organization_id":{"type":"string","description_kind":"plain","required":true},"subjects":{"type":["list","string"],"description_kind":"plain","computed":true},"type":{"type":"string","description_kind":"plain","optional":true},"types":{"type":["list","string"],"description_kind":"plain","computed":true}},"description_kind":"plain"}},"hsdp_iam_group":{"version":1,"block":{"attributes":{"description":{"type":"string","description_kind":"plain","computed":true},"id":{"type":"string","description_kind":"plain","optional":true,"computed":true},"managing_organization_id":{"type":"string","description_kind":"plain","required":true},"name":{"type":"string","description_kind":"plain","required":true}},"description_kind":"plain"}},"hsdp_iam_introspect":{"version":0,"block":{"attributes":{"effective_permissions":{"type":["set","string"],"description_kind":"plain","computed":true},"id":{"type":"string","description_kind":"plain","optional":true,"computed":true},"identity_type":{"type":"string","description_kind":"plain","computed":true},"introspect":{"type":"string","description_kind":"plain","computed":true},"issuer":{"type":"string","description_kind":"plain","computed":true},"managing_organization":{"type":"string","description_kind":"plain","computed":true},"organization_context":{"type":"string","description_kind":"plain","optional":true},"subject":{"type":"string","description_kind":"plain","computed":true},"token":{"type":"string","description_kind":"plain","optional":true},"token_type":{"type":"string","description_kind":"plain","computed":true},"username":{"type":"string","description_kind":"plain","computed":true}},"description_kind":"plain"}},"hsdp_iam_org":{"version":4,"block":{"attributes":{"active":{"type":"bool","description_kind":"plain","computed":true},"description":{"type":"string","description_kind":"plain","computed":true},"display_name":{"type":"string","description_kind":"plain","computed":true},"external_id":{"type":"string","description_kind":"plain","computed":true},"id":{"type":"string","description_kind":"plain","optional":true,"computed":true},"name":{"type":"string","description_kind":"plain","computed":true},"organization_id":{"type":"string","description_kind":"plain","required":true},"parent_org_id":{"type":"string","description_kind":"plain","computed":true},"type":{"type":"string","description_kind":"plain","computed":true}},"description_kind":"plain"}},"hsdp_iam_permission":{"version":0,"block":{"attributes":{"category":{"type":"string","description_kind":"plain","computed":true},"description":{"type":"string","description_kind":"plain","computed":true},"id":{"type":"string","description_kind":"plain","optional":true,"computed":true},"name":{"type":"string","description_kind":"plain","required":true},"type":{"type":"string","description_kind":"plain","computed":true}},"description_kind":"plain"}},"hsdp_iam_permissions":{"version":0,"block":{"attributes":{"categories":{"type":["list","string"],"description_kind":"plain","computed":true},"descriptions":{"type":["list","string"],"description_kind":"plain","computed":true},"id":{"type":"string","description_kind":"plain","optional":true,"computed":true},"ids":{"type":["list","string"],"description_kind":"plain","computed":true},"names":{"type":["list","string"],"description_kind":"plain","computed":true},"permissions":{"type":["list","string"],"description_kind":"plain","deprecated":true,"computed":true},"types":{"type":["list","string"],"description_kind":"plain","computed":true}},"description_kind":"plain"}},"hsdp_iam_proposition":{"version":0,"block":{"attributes":{"description":{"type":"string","description_kind":"plain","computed":true},"global_reference_id":{"type":"string","description_kind":"plain","computed":true},"id":{"type":"string","description_kind":"plain","optional":true,"computed":true},"name":{"type":"string","description_kind":"plain","required":true},"organization_id":{"type":"string","description_kind":"plain","required":true}},"description_kind":"plain"}},"hsdp_iam_role":{"version":1,"block":{"attributes":{"description":{"type":"string","description_kind":"plain","computed":true},"id":{"type":"string","description_kind":"plain","optional":true,"computed":true},"managing_organization_id":{"type":"string","description_kind":"plain","required":true},"name":{"type":"string","description_kind":"plain","required":true}},"description_kind":"plain"}},"hsdp_iam_service":{"version":4,"block":{"attributes":{"application_id":{"type":"string","description_kind":"plain","computed":true},"default_scopes":{"type":["set","string"],"description_kind":"plain","computed":true},"description":{"type":"string","description_kind":"plain","computed":true},"expires_on":{"type":"string","description_kind":"plain","computed":true},"id":{"type":"string","description_kind":"plain","optional":true,"computed":true},"name":{"type":"string","description_kind":"plain","computed":true},"organization_id":{"type":"string","description_kind":"plain","computed":true},"scopes":{"type":["set","string"],"description_kind":"plain","computed":true},"service_id":{"type":"string","description_kind":"plain","required":true},"uuid":{"type":"string","description_kind":"plain","computed":true}},"description_kind":"plain"}},"hsdp_iam_token":{"version":0,"block":{"attributes":{"access_token":{"type":"string","description_kind":"plain","computed":true},"expires_at":{"type":"number","description_kind":"plain","computed":true},"id":{"type":"string","description_kind":"plain","optional":true,"computed":true},"id_token":{"type":"string","description_kind":"plain","computed":true}},"description_kind":"plain"}},"hsdp_iam_user":{"version":2,"block":{"attributes":{"email_address":{"type":"string","description_kind":"plain","computed":true},"id":{"type":"string","description_kind":"plain","optional":true,"computed":true},"username":{"type":"string","description_kind":"plain","required":true},"uuid":{"type":"string","description_kind":"plain","deprecated":true,"computed":true}},"description_kind":"plain"}},"hsdp_iam_users":{"version":0,"block":{"attributes":{"disabled":{"type":"bool","description_kind":"plain","optional":true},"email_addresses":{"type":["list","string"],"description_kind":"plain","computed":true},"email_verified":{"type":"bool","description_kind":"plain","optional":true},"id":{"type":"string","description_kind":"plain","optional":true,"computed":true},"ids":{"type":["list","string"],"description_kind":"plain","computed":true},"logins":{"type":["list","string"],"description_kind":"plain","computed":true},"organization_id":{"type":"string","description_kind":"plain","required":true}},"description_kind":"plain"}},"hsdp_notification_producer":{"version":0,"block":{"attributes":{"description":{"type":"string","description_kind":"plain","computed":true},"id":{"type":"string","description_kind":"plain","optional":true,"computed":true},"managing_organization":{"type":"string","description_kind":"plain","computed":true},"managing_organization_id":{"type":"string","description_kind":"plain","computed":true},"producer_id":{"type":"string","description_kind":"plain","required":true},"producer_product_name":{"type":"string","description_kind":"plain","computed":true},"producer_service_base_url":{"type":"string","description_kind":"plain","computed":true},"producer_service_instance_name":{"type":"string","description_kind":"plain","computed":true},"producer_service_name":{"type":"string","description_kind":"plain","computed":true},"producer_service_path_url":{"type":"string","description_kind":"plain","computed":true}},"description_kind":"plain"}},"hsdp_notification_producers":{"version":0,"block":{"attributes":{"id":{"type":"string","description_kind":"plain","optional":true,"computed":true},"managing_organization_id":{"type":"string","description_kind":"plain","required":true},"producer_ids":{"type":["list","string"],"description_kind":"plain","computed":true}},"description_kind":"plain"}},"hsdp_notification_subscriber":{"version":0,"block":{"attributes":{"description":{"type":"string","description_kind":"plain","computed":true},"id":{"type":"string","description_kind":"plain","optional":true,"computed":true},"managing_organization":{"type":"string","description_kind":"plain","computed":true},"subscriber_id":{"type":"string","description_kind":"plain","required":true},"subscriber_product_name":{"type":"string","description_kind":"plain","optional":true},"subscriber_service_base_url":{"type":"string","description_kind":"plain","computed":true},"subscriber_service_instance_name":{"type":"string","description_kind":"plain","computed":true},"subscriber_service_name":{"type":"string","description_kind":"plain","computed":true},"subscriber_service_path_url":{"type":"string","description_kind":"plain","computed":true}},"description_kind":"plain"}},"hsdp_notification_subscription":{"version":0,"block":{"attributes":{"id":{"type":"string","description_kind":"plain","optional":true,"computed":true},"subscriber_id":{"type":"string","description_kind":"plain","computed":true},"subscription_endpoint":{"type":"string","description_kind":"plain","computed":true},"subscription_id":{"type":"string","description_kind":"plain","required":true},"topic_id":{"type":"string","description_kind":"plain","computed":true}},"description_kind":"plain"}},"hsdp_notification_topic":{"version":0,"block":{"attributes":{"allowed_scopes":{"type":["set","string"],"description_kind":"plain","computed":true},"description":{"type":"string","description_kind":"plain","computed":true},"id":{"type":"string","description_kind":"plain","optional":true,"computed":true},"is_auditable":{"type":"bool","description_kind":"plain","computed":true},"name":{"type":"string","description_kind":"plain","optional":true},"producer_id":{"type":"string","description_kind":"plain","computed":true},"scope":{"type":"string","description_kind":"plain","computed":true},"topic_id":{"type":"string","description_kind":"plain","optional":true}},"description_kind":"plain"}},"hsdp_notification_topics":{"version":0,"block":{"attributes":{"id":{"type":"string","description_kind":"plain","optional":true,"computed":true},"name":{"type":"string","description_kind":"plain","required":true},"topic_ids":{"type":["list","string"],"description_kind":"plain","computed":true}},"description_kind":"plain"}},"hsdp_pki_policy":{"version":0,"block":{"attributes":{"ca_pem":{"type":"string","description_kind":"plain","computed":true},"crl_pem":{"type":"string","description_kind":"plain","computed":true},"environment":{"type":"string","description_kind":"plain","optional":true},"id":{"type":"string","description_kind":"plain","optional":true,"computed":true},"region":{"type":"string","description_kind":"plain","optional":true}},"description_kind":"plain"}},"hsdp_pki_root":{"version":0,"block":{"attributes":{"ca_pem":{"type":"string","description_kind":"plain","computed":true},"crl_pem":{"type":"string","description_kind":"plain","computed":true},"environment":{"type":"string","description_kind":"plain","optional":true},"id":{"type":"string","description_kind":"plain","optional":true,"computed":true},"region":{"type":"string","description_kind":"plain","optional":true}},"description_kind":"plain"}},"hsdp_s3creds_access":{"version":0,"block":{"attributes":{"access":{"type":"string","description_kind":"plain","computed":true},"id":{"type":"string","description_kind":"plain","optional":true,"computed":true},"password":{"type":"string","description_kind":"plain","optional":true,"sensitive":true},"product_key":{"type":"string","description_kind":"plain","required":true,"sensitive":true},"username":{"type":"string","description_kind":"plain","optional":true}},"description_kind":"plain"}},"hsdp_s3creds_policy":{"version":0,"block":{"attributes":{"id":{"type":"string","description_kind":"plain","optional":true,"computed":true},"password":{"type":"string","description_kind":"plain","optional":true,"sensitive":true},"policies":{"type":"string","description_kind":"plain","computed":true},"product_key":{"type":"string","description_kind":"plain","required":true,"sensitive":true},"username":{"type":"string","description_kind":"plain","optional":true}},"block_types":{"filter":{"nesting_mode":"set","block":{"attributes":{"group_name":{"type":"string","description_kind":"plain","optional":true},"id":{"type":"string","description_kind":"plain","optional":true},"managing_org":{"type":"string","description_kind":"plain","optional":true}},"description_kind":"plain"},"max_items":1}},"description_kind":"plain"}}}}}}
